// !$*UTF8*$!
{
	archiveVersion = 1;
	classes = {
	};
	objectVersion = 51;
	objects = {

/* Begin PBXBuildFile section */
		2DAF009170FFF1161011F270 /* Pods_NV_ORG.framework in Frameworks */ = {isa = PBXBuildFile; fileRef = BAA7EF3A9A550A287BB658E9 /* Pods_NV_ORG.framework */; };
		53A4DFB42D982EC5C87E3A2B /* Pods_NV_ORGTests.framework in Frameworks */ = {isa = PBXBuildFile; fileRef = E8BB90CDEEA90F2D829A314A /* Pods_NV_ORGTests.framework */; };
		59A8F25A42A6EAB40F948FED /* Pods_NV_ORG_NV_ORGUITests.framework in Frameworks */ = {isa = PBXBuildFile; fileRef = 593A3AAF3B93D10614921894 /* Pods_NV_ORG_NV_ORGUITests.framework */; };
		E433FD1724347445005D1359 /* UserDetailResponseModel.swift in Sources */ = {isa = PBXBuildFile; fileRef = E433FD1624347445005D1359 /* UserDetailResponseModel.swift */; };
		E4347B362432FA430097920B /* HomeFeedSettingsViewController.swift in Sources */ = {isa = PBXBuildFile; fileRef = E4347B352432FA420097920B /* HomeFeedSettingsViewController.swift */; };
		E4347B382432FA810097920B /* HomeFeedSettingsViewModel.swift in Sources */ = {isa = PBXBuildFile; fileRef = E4347B372432FA810097920B /* HomeFeedSettingsViewModel.swift */; };
		E4347B3A2432FF4E0097920B /* AboutUSViewController.swift in Sources */ = {isa = PBXBuildFile; fileRef = E4347B392432FF4E0097920B /* AboutUSViewController.swift */; };
		E4347B3C2432FF6B0097920B /* PrivacyPolicyViewController.swift in Sources */ = {isa = PBXBuildFile; fileRef = E4347B3B2432FF6B0097920B /* PrivacyPolicyViewController.swift */; };
		E4347B3E2432FFF50097920B /* AboutUsViewModel.swift in Sources */ = {isa = PBXBuildFile; fileRef = E4347B3D2432FFF50097920B /* AboutUsViewModel.swift */; };
		E4347B40243303A70097920B /* PrivacyPolicyViewModel.swift in Sources */ = {isa = PBXBuildFile; fileRef = E4347B3F243303A70097920B /* PrivacyPolicyViewModel.swift */; };
		E4347B42243320FC0097920B /* NotificationSettingsViewModel.swift in Sources */ = {isa = PBXBuildFile; fileRef = E4347B41243320FC0097920B /* NotificationSettingsViewModel.swift */; };
		E4347B44243322B00097920B /* NotificationSettingsViewController.swift in Sources */ = {isa = PBXBuildFile; fileRef = E4347B43243322B00097920B /* NotificationSettingsViewController.swift */; };
		E4347B462433463C0097920B /* LeaderShipViewController.swift in Sources */ = {isa = PBXBuildFile; fileRef = E4347B452433463C0097920B /* LeaderShipViewController.swift */; };
		E4347B4A243346BC0097920B /* LeaderShipViewModel.swift in Sources */ = {isa = PBXBuildFile; fileRef = E4347B49243346BC0097920B /* LeaderShipViewModel.swift */; };
		E437726D243D9C7800C9FE25 /* DashBoardFeedRequestModel.swift in Sources */ = {isa = PBXBuildFile; fileRef = E437726C243D9C7800C9FE25 /* DashBoardFeedRequestModel.swift */; };
		E437726F243DA5FE00C9FE25 /* DashBoardFeedResponseModel.swift in Sources */ = {isa = PBXBuildFile; fileRef = E437726E243DA5FE00C9FE25 /* DashBoardFeedResponseModel.swift */; };
		E4383E51242F0EFC0032A6AD /* SignOutResponseModel.swift in Sources */ = {isa = PBXBuildFile; fileRef = E4383E50242F0EFC0032A6AD /* SignOutResponseModel.swift */; };
		E4383E53242F124E0032A6AD /* DashBoardResponseModel.swift in Sources */ = {isa = PBXBuildFile; fileRef = E4383E52242F124E0032A6AD /* DashBoardResponseModel.swift */; };
		E4383E56242F14BB0032A6AD /* DashBoardViewController.swift in Sources */ = {isa = PBXBuildFile; fileRef = E4383E55242F14BB0032A6AD /* DashBoardViewController.swift */; };
		E4383E58242F14CB0032A6AD /* DirectoryViewController.swift in Sources */ = {isa = PBXBuildFile; fileRef = E4383E57242F14CB0032A6AD /* DirectoryViewController.swift */; };
		E4383E5A242F14DD0032A6AD /* NotificationViewController.swift in Sources */ = {isa = PBXBuildFile; fileRef = E4383E59242F14DD0032A6AD /* NotificationViewController.swift */; };
		E4383E5C242F14FC0032A6AD /* ProfileViewController.swift in Sources */ = {isa = PBXBuildFile; fileRef = E4383E5B242F14FC0032A6AD /* ProfileViewController.swift */; };
		E4383E5E242F1E370032A6AD /* MainTabBar.swift in Sources */ = {isa = PBXBuildFile; fileRef = E4383E5D242F1E370032A6AD /* MainTabBar.swift */; };
		E4383E60242F52F90032A6AD /* MenuViewController.swift in Sources */ = {isa = PBXBuildFile; fileRef = E4383E5F242F52F90032A6AD /* MenuViewController.swift */; };
		E4383E62242F614E0032A6AD /* UITableViews.swift in Sources */ = {isa = PBXBuildFile; fileRef = E4383E61242F614E0032A6AD /* UITableViews.swift */; };
		E4383E64242F63500032A6AD /* MenuControllerViewModel.swift in Sources */ = {isa = PBXBuildFile; fileRef = E4383E63242F63500032A6AD /* MenuControllerViewModel.swift */; };
		E43A18C92438633A00C90FE9 /* NotificationsViewModel.swift in Sources */ = {isa = PBXBuildFile; fileRef = E43A18C82438633A00C90FE9 /* NotificationsViewModel.swift */; };
		E43A18CC2438963700C90FE9 /* EditProfileViewController.swift in Sources */ = {isa = PBXBuildFile; fileRef = E43A18CB2438963700C90FE9 /* EditProfileViewController.swift */; };
		E43A6EAD2441CF9100C97FAC /* NewsListPageResponseModel.swift in Sources */ = {isa = PBXBuildFile; fileRef = E43A6EAC2441CF9100C97FAC /* NewsListPageResponseModel.swift */; };
		E43A6EAF2441DB7B00C97FAC /* JobsListPageResponseModel.swift in Sources */ = {isa = PBXBuildFile; fileRef = E43A6EAE2441DB7B00C97FAC /* JobsListPageResponseModel.swift */; };
		E43FCFA1244436B400DC883B /* NewsListViewController.swift in Sources */ = {isa = PBXBuildFile; fileRef = E43FCFA0244436B400DC883B /* NewsListViewController.swift */; };
		E44FB518242DC6CC001D9E3C /* ChangePasswordViewController.swift in Sources */ = {isa = PBXBuildFile; fileRef = E44FB517242DC6CC001D9E3C /* ChangePasswordViewController.swift */; };
		E44FB51A242DC6E6001D9E3C /* ChangePasswordViewModel.swift in Sources */ = {isa = PBXBuildFile; fileRef = E44FB519242DC6E6001D9E3C /* ChangePasswordViewModel.swift */; };
		E44FB51C242DC733001D9E3C /* ChangePasswordRequestModel.swift in Sources */ = {isa = PBXBuildFile; fileRef = E44FB51B242DC733001D9E3C /* ChangePasswordRequestModel.swift */; };
		E44FB51E242DC74B001D9E3C /* ChangePasswordResponseModel.swift in Sources */ = {isa = PBXBuildFile; fileRef = E44FB51D242DC74B001D9E3C /* ChangePasswordResponseModel.swift */; };
		E45CB0FB243D2AC200879D4C /* UICollectionViewCells.swift in Sources */ = {isa = PBXBuildFile; fileRef = E45CB0FA243D2AC200879D4C /* UICollectionViewCells.swift */; };
		E467BC742435B4E600A0DAA9 /* ProfileViewModel.swift in Sources */ = {isa = PBXBuildFile; fileRef = E467BC732435B4E600A0DAA9 /* ProfileViewModel.swift */; };
		E469B0AF2446D68C0053ED09 /* NewaListPageViewModel.swift in Sources */ = {isa = PBXBuildFile; fileRef = E469B0AE2446D68C0053ED09 /* NewaListPageViewModel.swift */; };
		E475FEA624584244004BCEA6 /* DirectoryListResponseModel.swift in Sources */ = {isa = PBXBuildFile; fileRef = E475FEA524584243004BCEA6 /* DirectoryListResponseModel.swift */; };
		E49A4D082431B92200E5038B /* DashBoardViewModel.swift in Sources */ = {isa = PBXBuildFile; fileRef = E49A4D072431B92200E5038B /* DashBoardViewModel.swift */; };
		E4A16B5E24595E040024C4D3 /* DirectoryFilterViewController.swift in Sources */ = {isa = PBXBuildFile; fileRef = E4A16B5D24595E040024C4D3 /* DirectoryFilterViewController.swift */; };
		E4A38DAF242335C20023CB6D /* OTPViewModel.swift in Sources */ = {isa = PBXBuildFile; fileRef = E4A38DAE242335C20023CB6D /* OTPViewModel.swift */; };
		E4A38DB1242335F40023CB6D /* OTPRequestModel.swift in Sources */ = {isa = PBXBuildFile; fileRef = E4A38DB0242335F40023CB6D /* OTPRequestModel.swift */; };
		E4A38DB32423360A0023CB6D /* OTPResponseModel.swift in Sources */ = {isa = PBXBuildFile; fileRef = E4A38DB22423360A0023CB6D /* OTPResponseModel.swift */; };
		E4A38DB52423568C0023CB6D /* OTPResendResponseModel.swift in Sources */ = {isa = PBXBuildFile; fileRef = E4A38DB42423568B0023CB6D /* OTPResendResponseModel.swift */; };
		E4A38DB7242361340023CB6D /* OTPResendRequestModel.swift in Sources */ = {isa = PBXBuildFile; fileRef = E4A38DB6242361340023CB6D /* OTPResendRequestModel.swift */; };
		E4A38DBB2423700B0023CB6D /* EmailVerificationRequestModel.swift in Sources */ = {isa = PBXBuildFile; fileRef = E4A38DBA2423700B0023CB6D /* EmailVerificationRequestModel.swift */; };
		E4A38DBD2423702B0023CB6D /* EmailVerificationViewModel.swift in Sources */ = {isa = PBXBuildFile; fileRef = E4A38DBC2423702B0023CB6D /* EmailVerificationViewModel.swift */; };
		E4A38DBF24237A770023CB6D /* EmailCheckViewController.swift in Sources */ = {isa = PBXBuildFile; fileRef = E4A38DBE24237A770023CB6D /* EmailCheckViewController.swift */; };
		E4A38DC1242389490023CB6D /* EmailVerificationResponseModel.swift in Sources */ = {isa = PBXBuildFile; fileRef = E4A38DC0242389490023CB6D /* EmailVerificationResponseModel.swift */; };
		E4A38DC3242394F90023CB6D /* EmailOTPViewController.swift in Sources */ = {isa = PBXBuildFile; fileRef = E4A38DC2242394F90023CB6D /* EmailOTPViewController.swift */; };
		E4A4AE84245A94810045C5A1 /* DirectoryFilterViewModel.swift in Sources */ = {isa = PBXBuildFile; fileRef = E4A4AE83245A94810045C5A1 /* DirectoryFilterViewModel.swift */; };
		E4A4AE86245AABB00045C5A1 /* DirectoryFilterResponseModel.swift in Sources */ = {isa = PBXBuildFile; fileRef = E4A4AE85245AABB00045C5A1 /* DirectoryFilterResponseModel.swift */; };
		E4A91753245189C500E0841C /* UICollectionViewFlowLayout + Extensions.swift in Sources */ = {isa = PBXBuildFile; fileRef = E4A91752245189C500E0841C /* UICollectionViewFlowLayout + Extensions.swift */; };
		E4AA65432424790B00B29271 /* ResetOTPViewModel.swift in Sources */ = {isa = PBXBuildFile; fileRef = E4AA65422424790B00B29271 /* ResetOTPViewModel.swift */; };
		E4AA654524248F4800B29271 /* ResetPasswordViewModel.swift in Sources */ = {isa = PBXBuildFile; fileRef = E4AA654424248F4800B29271 /* ResetPasswordViewModel.swift */; };
		E4AA654724248F8200B29271 /* ResetPasswordViewController.swift in Sources */ = {isa = PBXBuildFile; fileRef = E4AA654624248F8200B29271 /* ResetPasswordViewController.swift */; };
		E4AA654924249DE200B29271 /* ResetPasswordRequestModel.swift in Sources */ = {isa = PBXBuildFile; fileRef = E4AA654824249DE200B29271 /* ResetPasswordRequestModel.swift */; };
		E4AA654B24249DFC00B29271 /* ResetPasswordResponseModel.swift in Sources */ = {isa = PBXBuildFile; fileRef = E4AA654A24249DFC00B29271 /* ResetPasswordResponseModel.swift */; };
		E4AB5CA72465703600BF734C /* DirectoryProfileViewController.swift in Sources */ = {isa = PBXBuildFile; fileRef = E4AB5CA62465703600BF734C /* DirectoryProfileViewController.swift */; };
		E4AB5CA92465729300BF734C /* DirectoryProfileResponseModel.swift in Sources */ = {isa = PBXBuildFile; fileRef = E4AB5CA82465729300BF734C /* DirectoryProfileResponseModel.swift */; };
		E4AB5CAB246572BF00BF734C /* DirectoryProfileRequestModel.swift in Sources */ = {isa = PBXBuildFile; fileRef = E4AB5CAA246572BF00BF734C /* DirectoryProfileRequestModel.swift */; };
		E4AB5CAD2465958300BF734C /* CelebrationListResponseModel.swift in Sources */ = {isa = PBXBuildFile; fileRef = E4AB5CAC2465958300BF734C /* CelebrationListResponseModel.swift */; };
		E4B03357242088C7007F9098 /* AppDelegate.swift in Sources */ = {isa = PBXBuildFile; fileRef = E4B03356242088C7007F9098 /* AppDelegate.swift */; };
		E4B03359242088C7007F9098 /* SceneDelegate.swift in Sources */ = {isa = PBXBuildFile; fileRef = E4B03358242088C7007F9098 /* SceneDelegate.swift */; };
		E4B0335E242088C7007F9098 /* Main.storyboard in Resources */ = {isa = PBXBuildFile; fileRef = E4B0335C242088C7007F9098 /* Main.storyboard */; };
		E4B03360242088CD007F9098 /* Assets.xcassets in Resources */ = {isa = PBXBuildFile; fileRef = E4B0335F242088CD007F9098 /* Assets.xcassets */; };
		E4B03363242088CD007F9098 /* LaunchScreen.storyboard in Resources */ = {isa = PBXBuildFile; fileRef = E4B03361242088CD007F9098 /* LaunchScreen.storyboard */; };
		E4B0336E242088CD007F9098 /* NV_ORGTests.swift in Sources */ = {isa = PBXBuildFile; fileRef = E4B0336D242088CD007F9098 /* NV_ORGTests.swift */; };
		E4B03379242088CE007F9098 /* NV_ORGUITests.swift in Sources */ = {isa = PBXBuildFile; fileRef = E4B03378242088CE007F9098 /* NV_ORGUITests.swift */; };
		E4B033DB2420CA04007F9098 /* LoginViewController.swift in Sources */ = {isa = PBXBuildFile; fileRef = E4B033DA2420CA04007F9098 /* LoginViewController.swift */; };
		E4B033DD2420CC65007F9098 /* Extensions + ViewControllers.swift in Sources */ = {isa = PBXBuildFile; fileRef = E4B033DC2420CC65007F9098 /* Extensions + ViewControllers.swift */; };
		E4B033E02420CE70007F9098 /* Extensions + Protocols.swift in Sources */ = {isa = PBXBuildFile; fileRef = E4B033DF2420CE70007F9098 /* Extensions + Protocols.swift */; };
		E4B033E32420E165007F9098 /* Colors + Constant.swift in Sources */ = {isa = PBXBuildFile; fileRef = E4B033E22420E165007F9098 /* Colors + Constant.swift */; };
		E4B033E52420E177007F9098 /* Definitions + Constants.swift in Sources */ = {isa = PBXBuildFile; fileRef = E4B033E42420E177007F9098 /* Definitions + Constants.swift */; };
		E4B033E72420E18C007F9098 /* String + Constants.swift in Sources */ = {isa = PBXBuildFile; fileRef = E4B033E62420E18C007F9098 /* String + Constants.swift */; };
		E4B033E92420E2D3007F9098 /* UIButton + Extension.swift in Sources */ = {isa = PBXBuildFile; fileRef = E4B033E82420E2D3007F9098 /* UIButton + Extension.swift */; };
		E4B92C472463DB9D004B7EF7 /* NotificationListResponseModel.swift in Sources */ = {isa = PBXBuildFile; fileRef = E4B92C462463DB9D004B7EF7 /* NotificationListResponseModel.swift */; };
		E4B92C4A2463F433004B7EF7 /* EmptyTableViewCell.swift in Sources */ = {isa = PBXBuildFile; fileRef = E4B92C482463F433004B7EF7 /* EmptyTableViewCell.swift */; };
		E4B92C4B2463F433004B7EF7 /* EmptyTableViewCell.xib in Resources */ = {isa = PBXBuildFile; fileRef = E4B92C492463F433004B7EF7 /* EmptyTableViewCell.xib */; };
		E4B92C4E2463F4CF004B7EF7 /* EmptyCollectionViewCell.swift in Sources */ = {isa = PBXBuildFile; fileRef = E4B92C4C2463F4CF004B7EF7 /* EmptyCollectionViewCell.swift */; };
		E4B92C4F2463F4CF004B7EF7 /* EmptyCollectionViewCell.xib in Resources */ = {isa = PBXBuildFile; fileRef = E4B92C4D2463F4CF004B7EF7 /* EmptyCollectionViewCell.xib */; };
		E4B92C5124640DEC004B7EF7 /* ERProgressHud.swift in Sources */ = {isa = PBXBuildFile; fileRef = E4B92C5024640DEC004B7EF7 /* ERProgressHud.swift */; };
		E4B92C5324641114004B7EF7 /* NoInternetViewController.swift in Sources */ = {isa = PBXBuildFile; fileRef = E4B92C5224641114004B7EF7 /* NoInternetViewController.swift */; };
		E4B92C5524642093004B7EF7 /* JobListRequestModel.swift in Sources */ = {isa = PBXBuildFile; fileRef = E4B92C5424642093004B7EF7 /* JobListRequestModel.swift */; };
		E4B92C5724644546004B7EF7 /* JobDetailResponseModel.swift in Sources */ = {isa = PBXBuildFile; fileRef = E4B92C5624644546004B7EF7 /* JobDetailResponseModel.swift */; };
		E4C6EE7F2462AE75009B4EDF /* GalleryListResponseModel.swift in Sources */ = {isa = PBXBuildFile; fileRef = E4C6EE7E2462AE74009B4EDF /* GalleryListResponseModel.swift */; };
		E4C6EE822462CEE4009B4EDF /* URLViewController.swift in Sources */ = {isa = PBXBuildFile; fileRef = E4C6EE812462CEE3009B4EDF /* URLViewController.swift */; };
		E4C6EE842462DB2B009B4EDF /* WebKit.framework in Frameworks */ = {isa = PBXBuildFile; fileRef = E4C6EE832462DB2B009B4EDF /* WebKit.framework */; };
		E4C77E6B24370BAC0079021B /* DirectoryViewModel.swift in Sources */ = {isa = PBXBuildFile; fileRef = E4C77E6A24370BAC0079021B /* DirectoryViewModel.swift */; };
		E4C7F0BB2421D8C00072E54B /* LoginRequestModel.swift in Sources */ = {isa = PBXBuildFile; fileRef = E4C7F0BA2421D8C00072E54B /* LoginRequestModel.swift */; };
		E4C7F0BF2421D9510072E54B /* LoginViewModel.swift in Sources */ = {isa = PBXBuildFile; fileRef = E4C7F0BE2421D9510072E54B /* LoginViewModel.swift */; };
		E4C7F0C12421DC0B0072E54B /* LoginResponseModel.swift in Sources */ = {isa = PBXBuildFile; fileRef = E4C7F0C02421DC0B0072E54B /* LoginResponseModel.swift */; };
		E4C7F0C32421EEF50072E54B /* UIAlerts + Extensions.swift in Sources */ = {isa = PBXBuildFile; fileRef = E4C7F0C22421EEF50072E54B /* UIAlerts + Extensions.swift */; };
		E4C7F0C524220FF90072E54B /* WerService + GET.swift in Sources */ = {isa = PBXBuildFile; fileRef = E4C7F0C424220FF90072E54B /* WerService + GET.swift */; };
		E4C7F0C72422100C0072E54B /* WebService + POST.swift in Sources */ = {isa = PBXBuildFile; fileRef = E4C7F0C62422100C0072E54B /* WebService + POST.swift */; };
		E4C7F0C9242210710072E54B /* LoadingButton.swift in Sources */ = {isa = PBXBuildFile; fileRef = E4C7F0C8242210710072E54B /* LoadingButton.swift */; };
		E4C7F0CB2422171B0072E54B /* UserDefaults + Extension.swift in Sources */ = {isa = PBXBuildFile; fileRef = E4C7F0CA2422171B0072E54B /* UserDefaults + Extension.swift */; };
		E4C7F0CD242235CD0072E54B /* OTPViewController.swift in Sources */ = {isa = PBXBuildFile; fileRef = E4C7F0CC242235CD0072E54B /* OTPViewController.swift */; };
		E4C7F0CF242243FB0072E54B /* LineTextField.swift in Sources */ = {isa = PBXBuildFile; fileRef = E4C7F0CE242243FB0072E54B /* LineTextField.swift */; };
		E4C9CA582452FA0B0005E07A /* extensions + UICollectionViewCels.swift in Sources */ = {isa = PBXBuildFile; fileRef = E4C9CA572452FA0B0005E07A /* extensions + UICollectionViewCels.swift */; };
		E4CBE4AB245FD8B500EA7F0A /* GalleryViewController.swift in Sources */ = {isa = PBXBuildFile; fileRef = E4CBE4AA245FD8B500EA7F0A /* GalleryViewController.swift */; };
		E4CBE4AD245FDF6200EA7F0A /* GalleryImageViewController.swift in Sources */ = {isa = PBXBuildFile; fileRef = E4CBE4AC245FDF6200EA7F0A /* GalleryImageViewController.swift */; };
		E4CBE4AF245FDF7500EA7F0A /* GalleryVideoViewController.swift in Sources */ = {isa = PBXBuildFile; fileRef = E4CBE4AE245FDF7500EA7F0A /* GalleryVideoViewController.swift */; };
		E4CC7756246122C100BFD92E /* CelebrationViewController.swift in Sources */ = {isa = PBXBuildFile; fileRef = E4CC7755246122C100BFD92E /* CelebrationViewController.swift */; };
		E4CC7758246122DA00BFD92E /* JobsListViewController.swift in Sources */ = {isa = PBXBuildFile; fileRef = E4CC7757246122DA00BFD92E /* JobsListViewController.swift */; };
		E4CC775A246122FB00BFD92E /* JobsDetailViewController.swift in Sources */ = {isa = PBXBuildFile; fileRef = E4CC7759246122FB00BFD92E /* JobsDetailViewController.swift */; };
		E4CC775C2461235100BFD92E /* NewsDetailViewController.swift in Sources */ = {isa = PBXBuildFile; fileRef = E4CC775B2461235100BFD92E /* NewsDetailViewController.swift */; };
		E4CC775E246123A600BFD92E /* EventsViewController.swift in Sources */ = {isa = PBXBuildFile; fileRef = E4CC775D246123A600BFD92E /* EventsViewController.swift */; };
/* End PBXBuildFile section */

/* Begin PBXContainerItemProxy section */
		E4B0336A242088CD007F9098 /* PBXContainerItemProxy */ = {
			isa = PBXContainerItemProxy;
			containerPortal = E4B0334B242088C7007F9098 /* Project object */;
			proxyType = 1;
			remoteGlobalIDString = E4B03352242088C7007F9098;
			remoteInfo = NV_ORG;
		};
		E4B03375242088CE007F9098 /* PBXContainerItemProxy */ = {
			isa = PBXContainerItemProxy;
			containerPortal = E4B0334B242088C7007F9098 /* Project object */;
			proxyType = 1;
			remoteGlobalIDString = E4B03352242088C7007F9098;
			remoteInfo = NV_ORG;
		};
/* End PBXContainerItemProxy section */

/* Begin PBXFileReference section */
		13E1111FD6CDC060B1AAD33A /* Pods-NV_ORGTests.debug.xcconfig */ = {isa = PBXFileReference; includeInIndex = 1; lastKnownFileType = text.xcconfig; name = "Pods-NV_ORGTests.debug.xcconfig"; path = "Target Support Files/Pods-NV_ORGTests/Pods-NV_ORGTests.debug.xcconfig"; sourceTree = "<group>"; };
		4EF9871FE0A9432FC05FF6D8 /* Pods-NV_ORG.debug.xcconfig */ = {isa = PBXFileReference; includeInIndex = 1; lastKnownFileType = text.xcconfig; name = "Pods-NV_ORG.debug.xcconfig"; path = "Target Support Files/Pods-NV_ORG/Pods-NV_ORG.debug.xcconfig"; sourceTree = "<group>"; };
		593A3AAF3B93D10614921894 /* Pods_NV_ORG_NV_ORGUITests.framework */ = {isa = PBXFileReference; explicitFileType = wrapper.framework; includeInIndex = 0; path = Pods_NV_ORG_NV_ORGUITests.framework; sourceTree = BUILT_PRODUCTS_DIR; };
		89393DC52021AEA1D0399ED3 /* Pods-NV_ORG-NV_ORGUITests.release.xcconfig */ = {isa = PBXFileReference; includeInIndex = 1; lastKnownFileType = text.xcconfig; name = "Pods-NV_ORG-NV_ORGUITests.release.xcconfig"; path = "Target Support Files/Pods-NV_ORG-NV_ORGUITests/Pods-NV_ORG-NV_ORGUITests.release.xcconfig"; sourceTree = "<group>"; };
		98AB05AB9BD30B088DCD1E58 /* Pods-NV_ORGTests.release.xcconfig */ = {isa = PBXFileReference; includeInIndex = 1; lastKnownFileType = text.xcconfig; name = "Pods-NV_ORGTests.release.xcconfig"; path = "Target Support Files/Pods-NV_ORGTests/Pods-NV_ORGTests.release.xcconfig"; sourceTree = "<group>"; };
		A5950CF368B33146F24772D3 /* Pods-NV_ORG-NV_ORGUITests.debug.xcconfig */ = {isa = PBXFileReference; includeInIndex = 1; lastKnownFileType = text.xcconfig; name = "Pods-NV_ORG-NV_ORGUITests.debug.xcconfig"; path = "Target Support Files/Pods-NV_ORG-NV_ORGUITests/Pods-NV_ORG-NV_ORGUITests.debug.xcconfig"; sourceTree = "<group>"; };
		BAA7EF3A9A550A287BB658E9 /* Pods_NV_ORG.framework */ = {isa = PBXFileReference; explicitFileType = wrapper.framework; includeInIndex = 0; path = Pods_NV_ORG.framework; sourceTree = BUILT_PRODUCTS_DIR; };
		E433FD1624347445005D1359 /* UserDetailResponseModel.swift */ = {isa = PBXFileReference; lastKnownFileType = sourcecode.swift; path = UserDetailResponseModel.swift; sourceTree = "<group>"; };
		E4347B352432FA420097920B /* HomeFeedSettingsViewController.swift */ = {isa = PBXFileReference; lastKnownFileType = sourcecode.swift; path = HomeFeedSettingsViewController.swift; sourceTree = "<group>"; };
		E4347B372432FA810097920B /* HomeFeedSettingsViewModel.swift */ = {isa = PBXFileReference; lastKnownFileType = sourcecode.swift; path = HomeFeedSettingsViewModel.swift; sourceTree = "<group>"; };
		E4347B392432FF4E0097920B /* AboutUSViewController.swift */ = {isa = PBXFileReference; lastKnownFileType = sourcecode.swift; path = AboutUSViewController.swift; sourceTree = "<group>"; };
		E4347B3B2432FF6B0097920B /* PrivacyPolicyViewController.swift */ = {isa = PBXFileReference; lastKnownFileType = sourcecode.swift; path = PrivacyPolicyViewController.swift; sourceTree = "<group>"; };
		E4347B3D2432FFF50097920B /* AboutUsViewModel.swift */ = {isa = PBXFileReference; lastKnownFileType = sourcecode.swift; path = AboutUsViewModel.swift; sourceTree = "<group>"; };
		E4347B3F243303A70097920B /* PrivacyPolicyViewModel.swift */ = {isa = PBXFileReference; lastKnownFileType = sourcecode.swift; path = PrivacyPolicyViewModel.swift; sourceTree = "<group>"; };
		E4347B41243320FC0097920B /* NotificationSettingsViewModel.swift */ = {isa = PBXFileReference; lastKnownFileType = sourcecode.swift; path = NotificationSettingsViewModel.swift; sourceTree = "<group>"; };
		E4347B43243322B00097920B /* NotificationSettingsViewController.swift */ = {isa = PBXFileReference; lastKnownFileType = sourcecode.swift; path = NotificationSettingsViewController.swift; sourceTree = "<group>"; };
		E4347B452433463C0097920B /* LeaderShipViewController.swift */ = {isa = PBXFileReference; lastKnownFileType = sourcecode.swift; path = LeaderShipViewController.swift; sourceTree = "<group>"; };
		E4347B49243346BC0097920B /* LeaderShipViewModel.swift */ = {isa = PBXFileReference; lastKnownFileType = sourcecode.swift; path = LeaderShipViewModel.swift; sourceTree = "<group>"; };
		E437726C243D9C7800C9FE25 /* DashBoardFeedRequestModel.swift */ = {isa = PBXFileReference; lastKnownFileType = sourcecode.swift; path = DashBoardFeedRequestModel.swift; sourceTree = "<group>"; };
		E437726E243DA5FE00C9FE25 /* DashBoardFeedResponseModel.swift */ = {isa = PBXFileReference; lastKnownFileType = sourcecode.swift; path = DashBoardFeedResponseModel.swift; sourceTree = "<group>"; };
		E4383E50242F0EFC0032A6AD /* SignOutResponseModel.swift */ = {isa = PBXFileReference; lastKnownFileType = sourcecode.swift; path = SignOutResponseModel.swift; sourceTree = "<group>"; };
		E4383E52242F124E0032A6AD /* DashBoardResponseModel.swift */ = {isa = PBXFileReference; lastKnownFileType = sourcecode.swift; path = DashBoardResponseModel.swift; sourceTree = "<group>"; };
		E4383E55242F14BB0032A6AD /* DashBoardViewController.swift */ = {isa = PBXFileReference; lastKnownFileType = sourcecode.swift; path = DashBoardViewController.swift; sourceTree = "<group>"; };
		E4383E57242F14CB0032A6AD /* DirectoryViewController.swift */ = {isa = PBXFileReference; lastKnownFileType = sourcecode.swift; path = DirectoryViewController.swift; sourceTree = "<group>"; };
		E4383E59242F14DD0032A6AD /* NotificationViewController.swift */ = {isa = PBXFileReference; lastKnownFileType = sourcecode.swift; path = NotificationViewController.swift; sourceTree = "<group>"; };
		E4383E5B242F14FC0032A6AD /* ProfileViewController.swift */ = {isa = PBXFileReference; lastKnownFileType = sourcecode.swift; path = ProfileViewController.swift; sourceTree = "<group>"; };
		E4383E5D242F1E370032A6AD /* MainTabBar.swift */ = {isa = PBXFileReference; lastKnownFileType = sourcecode.swift; path = MainTabBar.swift; sourceTree = "<group>"; };
		E4383E5F242F52F90032A6AD /* MenuViewController.swift */ = {isa = PBXFileReference; lastKnownFileType = sourcecode.swift; path = MenuViewController.swift; sourceTree = "<group>"; };
		E4383E61242F614E0032A6AD /* UITableViews.swift */ = {isa = PBXFileReference; lastKnownFileType = sourcecode.swift; path = UITableViews.swift; sourceTree = "<group>"; };
		E4383E63242F63500032A6AD /* MenuControllerViewModel.swift */ = {isa = PBXFileReference; lastKnownFileType = sourcecode.swift; path = MenuControllerViewModel.swift; sourceTree = "<group>"; };
		E43A18C82438633A00C90FE9 /* NotificationsViewModel.swift */ = {isa = PBXFileReference; lastKnownFileType = sourcecode.swift; path = NotificationsViewModel.swift; sourceTree = "<group>"; };
		E43A18CB2438963700C90FE9 /* EditProfileViewController.swift */ = {isa = PBXFileReference; lastKnownFileType = sourcecode.swift; path = EditProfileViewController.swift; sourceTree = "<group>"; };
		E43A6EAC2441CF9100C97FAC /* NewsListPageResponseModel.swift */ = {isa = PBXFileReference; lastKnownFileType = sourcecode.swift; path = NewsListPageResponseModel.swift; sourceTree = "<group>"; };
		E43A6EAE2441DB7B00C97FAC /* JobsListPageResponseModel.swift */ = {isa = PBXFileReference; lastKnownFileType = sourcecode.swift; path = JobsListPageResponseModel.swift; sourceTree = "<group>"; };
		E43FCFA0244436B400DC883B /* NewsListViewController.swift */ = {isa = PBXFileReference; lastKnownFileType = sourcecode.swift; path = NewsListViewController.swift; sourceTree = "<group>"; };
		E44FB517242DC6CC001D9E3C /* ChangePasswordViewController.swift */ = {isa = PBXFileReference; lastKnownFileType = sourcecode.swift; path = ChangePasswordViewController.swift; sourceTree = "<group>"; };
		E44FB519242DC6E6001D9E3C /* ChangePasswordViewModel.swift */ = {isa = PBXFileReference; lastKnownFileType = sourcecode.swift; path = ChangePasswordViewModel.swift; sourceTree = "<group>"; };
		E44FB51B242DC733001D9E3C /* ChangePasswordRequestModel.swift */ = {isa = PBXFileReference; lastKnownFileType = sourcecode.swift; path = ChangePasswordRequestModel.swift; sourceTree = "<group>"; };
		E44FB51D242DC74B001D9E3C /* ChangePasswordResponseModel.swift */ = {isa = PBXFileReference; lastKnownFileType = sourcecode.swift; path = ChangePasswordResponseModel.swift; sourceTree = "<group>"; };
		E45CB0FA243D2AC200879D4C /* UICollectionViewCells.swift */ = {isa = PBXFileReference; lastKnownFileType = sourcecode.swift; path = UICollectionViewCells.swift; sourceTree = "<group>"; };
		E467BC732435B4E600A0DAA9 /* ProfileViewModel.swift */ = {isa = PBXFileReference; lastKnownFileType = sourcecode.swift; path = ProfileViewModel.swift; sourceTree = "<group>"; };
		E469B0AE2446D68C0053ED09 /* NewaListPageViewModel.swift */ = {isa = PBXFileReference; lastKnownFileType = sourcecode.swift; path = NewaListPageViewModel.swift; sourceTree = "<group>"; };
		E475FEA524584243004BCEA6 /* DirectoryListResponseModel.swift */ = {isa = PBXFileReference; lastKnownFileType = sourcecode.swift; path = DirectoryListResponseModel.swift; sourceTree = "<group>"; };
		E49A4D072431B92200E5038B /* DashBoardViewModel.swift */ = {isa = PBXFileReference; lastKnownFileType = sourcecode.swift; path = DashBoardViewModel.swift; sourceTree = "<group>"; };
		E4A16B5D24595E040024C4D3 /* DirectoryFilterViewController.swift */ = {isa = PBXFileReference; lastKnownFileType = sourcecode.swift; path = DirectoryFilterViewController.swift; sourceTree = "<group>"; };
		E4A38DAE242335C20023CB6D /* OTPViewModel.swift */ = {isa = PBXFileReference; lastKnownFileType = sourcecode.swift; path = OTPViewModel.swift; sourceTree = "<group>"; };
		E4A38DB0242335F40023CB6D /* OTPRequestModel.swift */ = {isa = PBXFileReference; lastKnownFileType = sourcecode.swift; path = OTPRequestModel.swift; sourceTree = "<group>"; };
		E4A38DB22423360A0023CB6D /* OTPResponseModel.swift */ = {isa = PBXFileReference; lastKnownFileType = sourcecode.swift; path = OTPResponseModel.swift; sourceTree = "<group>"; };
		E4A38DB42423568B0023CB6D /* OTPResendResponseModel.swift */ = {isa = PBXFileReference; lastKnownFileType = sourcecode.swift; path = OTPResendResponseModel.swift; sourceTree = "<group>"; };
		E4A38DB6242361340023CB6D /* OTPResendRequestModel.swift */ = {isa = PBXFileReference; lastKnownFileType = sourcecode.swift; path = OTPResendRequestModel.swift; sourceTree = "<group>"; };
		E4A38DBA2423700B0023CB6D /* EmailVerificationRequestModel.swift */ = {isa = PBXFileReference; lastKnownFileType = sourcecode.swift; path = EmailVerificationRequestModel.swift; sourceTree = "<group>"; };
		E4A38DBC2423702B0023CB6D /* EmailVerificationViewModel.swift */ = {isa = PBXFileReference; lastKnownFileType = sourcecode.swift; path = EmailVerificationViewModel.swift; sourceTree = "<group>"; };
		E4A38DBE24237A770023CB6D /* EmailCheckViewController.swift */ = {isa = PBXFileReference; lastKnownFileType = sourcecode.swift; path = EmailCheckViewController.swift; sourceTree = "<group>"; };
		E4A38DC0242389490023CB6D /* EmailVerificationResponseModel.swift */ = {isa = PBXFileReference; lastKnownFileType = sourcecode.swift; path = EmailVerificationResponseModel.swift; sourceTree = "<group>"; };
		E4A38DC2242394F90023CB6D /* EmailOTPViewController.swift */ = {isa = PBXFileReference; lastKnownFileType = sourcecode.swift; path = EmailOTPViewController.swift; sourceTree = "<group>"; };
		E4A4AE83245A94810045C5A1 /* DirectoryFilterViewModel.swift */ = {isa = PBXFileReference; lastKnownFileType = sourcecode.swift; path = DirectoryFilterViewModel.swift; sourceTree = "<group>"; };
		E4A4AE85245AABB00045C5A1 /* DirectoryFilterResponseModel.swift */ = {isa = PBXFileReference; lastKnownFileType = sourcecode.swift; path = DirectoryFilterResponseModel.swift; sourceTree = "<group>"; };
		E4A91752245189C500E0841C /* UICollectionViewFlowLayout + Extensions.swift */ = {isa = PBXFileReference; lastKnownFileType = sourcecode.swift; path = "UICollectionViewFlowLayout + Extensions.swift"; sourceTree = "<group>"; };
		E4AA65422424790B00B29271 /* ResetOTPViewModel.swift */ = {isa = PBXFileReference; lastKnownFileType = sourcecode.swift; path = ResetOTPViewModel.swift; sourceTree = "<group>"; };
		E4AA654424248F4800B29271 /* ResetPasswordViewModel.swift */ = {isa = PBXFileReference; lastKnownFileType = sourcecode.swift; path = ResetPasswordViewModel.swift; sourceTree = "<group>"; };
		E4AA654624248F8200B29271 /* ResetPasswordViewController.swift */ = {isa = PBXFileReference; lastKnownFileType = sourcecode.swift; path = ResetPasswordViewController.swift; sourceTree = "<group>"; };
		E4AA654824249DE200B29271 /* ResetPasswordRequestModel.swift */ = {isa = PBXFileReference; lastKnownFileType = sourcecode.swift; path = ResetPasswordRequestModel.swift; sourceTree = "<group>"; };
		E4AA654A24249DFC00B29271 /* ResetPasswordResponseModel.swift */ = {isa = PBXFileReference; lastKnownFileType = sourcecode.swift; path = ResetPasswordResponseModel.swift; sourceTree = "<group>"; };
		E4AB5CA62465703600BF734C /* DirectoryProfileViewController.swift */ = {isa = PBXFileReference; lastKnownFileType = sourcecode.swift; path = DirectoryProfileViewController.swift; sourceTree = "<group>"; };
		E4AB5CA82465729300BF734C /* DirectoryProfileResponseModel.swift */ = {isa = PBXFileReference; lastKnownFileType = sourcecode.swift; path = DirectoryProfileResponseModel.swift; sourceTree = "<group>"; };
		E4AB5CAA246572BF00BF734C /* DirectoryProfileRequestModel.swift */ = {isa = PBXFileReference; lastKnownFileType = sourcecode.swift; path = DirectoryProfileRequestModel.swift; sourceTree = "<group>"; };
		E4AB5CAC2465958300BF734C /* CelebrationListResponseModel.swift */ = {isa = PBXFileReference; lastKnownFileType = sourcecode.swift; path = CelebrationListResponseModel.swift; sourceTree = "<group>"; };
		E4B03353242088C7007F9098 /* NV_ORG.app */ = {isa = PBXFileReference; explicitFileType = wrapper.application; includeInIndex = 0; path = NV_ORG.app; sourceTree = BUILT_PRODUCTS_DIR; };
		E4B03356242088C7007F9098 /* AppDelegate.swift */ = {isa = PBXFileReference; lastKnownFileType = sourcecode.swift; path = AppDelegate.swift; sourceTree = "<group>"; };
		E4B03358242088C7007F9098 /* SceneDelegate.swift */ = {isa = PBXFileReference; lastKnownFileType = sourcecode.swift; path = SceneDelegate.swift; sourceTree = "<group>"; };
		E4B0335D242088C7007F9098 /* Base */ = {isa = PBXFileReference; lastKnownFileType = file.storyboard; name = Base; path = Base.lproj/Main.storyboard; sourceTree = "<group>"; };
		E4B0335F242088CD007F9098 /* Assets.xcassets */ = {isa = PBXFileReference; lastKnownFileType = folder.assetcatalog; path = Assets.xcassets; sourceTree = "<group>"; };
		E4B03362242088CD007F9098 /* Base */ = {isa = PBXFileReference; lastKnownFileType = file.storyboard; name = Base; path = Base.lproj/LaunchScreen.storyboard; sourceTree = "<group>"; };
		E4B03364242088CD007F9098 /* Info.plist */ = {isa = PBXFileReference; lastKnownFileType = text.plist.xml; path = Info.plist; sourceTree = "<group>"; };
		E4B03369242088CD007F9098 /* NV_ORGTests.xctest */ = {isa = PBXFileReference; explicitFileType = wrapper.cfbundle; includeInIndex = 0; path = NV_ORGTests.xctest; sourceTree = BUILT_PRODUCTS_DIR; };
		E4B0336D242088CD007F9098 /* NV_ORGTests.swift */ = {isa = PBXFileReference; lastKnownFileType = sourcecode.swift; path = NV_ORGTests.swift; sourceTree = "<group>"; };
		E4B0336F242088CD007F9098 /* Info.plist */ = {isa = PBXFileReference; lastKnownFileType = text.plist.xml; path = Info.plist; sourceTree = "<group>"; };
		E4B03374242088CE007F9098 /* NV_ORGUITests.xctest */ = {isa = PBXFileReference; explicitFileType = wrapper.cfbundle; includeInIndex = 0; path = NV_ORGUITests.xctest; sourceTree = BUILT_PRODUCTS_DIR; };
		E4B03378242088CE007F9098 /* NV_ORGUITests.swift */ = {isa = PBXFileReference; lastKnownFileType = sourcecode.swift; path = NV_ORGUITests.swift; sourceTree = "<group>"; };
		E4B0337A242088CE007F9098 /* Info.plist */ = {isa = PBXFileReference; lastKnownFileType = text.plist.xml; path = Info.plist; sourceTree = "<group>"; };
		E4B033DA2420CA04007F9098 /* LoginViewController.swift */ = {isa = PBXFileReference; lastKnownFileType = sourcecode.swift; path = LoginViewController.swift; sourceTree = "<group>"; };
		E4B033DC2420CC65007F9098 /* Extensions + ViewControllers.swift */ = {isa = PBXFileReference; lastKnownFileType = sourcecode.swift; path = "Extensions + ViewControllers.swift"; sourceTree = "<group>"; };
		E4B033DF2420CE70007F9098 /* Extensions + Protocols.swift */ = {isa = PBXFileReference; lastKnownFileType = sourcecode.swift; path = "Extensions + Protocols.swift"; sourceTree = "<group>"; };
		E4B033E22420E165007F9098 /* Colors + Constant.swift */ = {isa = PBXFileReference; lastKnownFileType = sourcecode.swift; path = "Colors + Constant.swift"; sourceTree = "<group>"; };
		E4B033E42420E177007F9098 /* Definitions + Constants.swift */ = {isa = PBXFileReference; lastKnownFileType = sourcecode.swift; path = "Definitions + Constants.swift"; sourceTree = "<group>"; };
		E4B033E62420E18C007F9098 /* String + Constants.swift */ = {isa = PBXFileReference; lastKnownFileType = sourcecode.swift; path = "String + Constants.swift"; sourceTree = "<group>"; };
		E4B033E82420E2D3007F9098 /* UIButton + Extension.swift */ = {isa = PBXFileReference; lastKnownFileType = sourcecode.swift; path = "UIButton + Extension.swift"; sourceTree = "<group>"; };
		E4B92C462463DB9D004B7EF7 /* NotificationListResponseModel.swift */ = {isa = PBXFileReference; lastKnownFileType = sourcecode.swift; path = NotificationListResponseModel.swift; sourceTree = "<group>"; };
		E4B92C482463F433004B7EF7 /* EmptyTableViewCell.swift */ = {isa = PBXFileReference; lastKnownFileType = sourcecode.swift; path = EmptyTableViewCell.swift; sourceTree = "<group>"; };
		E4B92C492463F433004B7EF7 /* EmptyTableViewCell.xib */ = {isa = PBXFileReference; lastKnownFileType = file.xib; path = EmptyTableViewCell.xib; sourceTree = "<group>"; };
		E4B92C4C2463F4CF004B7EF7 /* EmptyCollectionViewCell.swift */ = {isa = PBXFileReference; lastKnownFileType = sourcecode.swift; path = EmptyCollectionViewCell.swift; sourceTree = "<group>"; };
		E4B92C4D2463F4CF004B7EF7 /* EmptyCollectionViewCell.xib */ = {isa = PBXFileReference; lastKnownFileType = file.xib; path = EmptyCollectionViewCell.xib; sourceTree = "<group>"; };
		E4B92C5024640DEC004B7EF7 /* ERProgressHud.swift */ = {isa = PBXFileReference; fileEncoding = 4; lastKnownFileType = sourcecode.swift; path = ERProgressHud.swift; sourceTree = "<group>"; };
		E4B92C5224641114004B7EF7 /* NoInternetViewController.swift */ = {isa = PBXFileReference; lastKnownFileType = sourcecode.swift; path = NoInternetViewController.swift; sourceTree = "<group>"; };
		E4B92C5424642093004B7EF7 /* JobListRequestModel.swift */ = {isa = PBXFileReference; lastKnownFileType = sourcecode.swift; path = JobListRequestModel.swift; sourceTree = "<group>"; };
		E4B92C5624644546004B7EF7 /* JobDetailResponseModel.swift */ = {isa = PBXFileReference; lastKnownFileType = sourcecode.swift; path = JobDetailResponseModel.swift; sourceTree = "<group>"; };
		E4C6EE7E2462AE74009B4EDF /* GalleryListResponseModel.swift */ = {isa = PBXFileReference; lastKnownFileType = sourcecode.swift; path = GalleryListResponseModel.swift; sourceTree = "<group>"; };
		E4C6EE812462CEE3009B4EDF /* URLViewController.swift */ = {isa = PBXFileReference; lastKnownFileType = sourcecode.swift; path = URLViewController.swift; sourceTree = "<group>"; };
		E4C6EE832462DB2B009B4EDF /* WebKit.framework */ = {isa = PBXFileReference; lastKnownFileType = wrapper.framework; name = WebKit.framework; path = System/Library/Frameworks/WebKit.framework; sourceTree = SDKROOT; };
		E4C77E6A24370BAC0079021B /* DirectoryViewModel.swift */ = {isa = PBXFileReference; lastKnownFileType = sourcecode.swift; path = DirectoryViewModel.swift; sourceTree = "<group>"; };
		E4C7F0BA2421D8C00072E54B /* LoginRequestModel.swift */ = {isa = PBXFileReference; lastKnownFileType = sourcecode.swift; path = LoginRequestModel.swift; sourceTree = "<group>"; };
		E4C7F0BE2421D9510072E54B /* LoginViewModel.swift */ = {isa = PBXFileReference; lastKnownFileType = sourcecode.swift; path = LoginViewModel.swift; sourceTree = "<group>"; };
		E4C7F0C02421DC0B0072E54B /* LoginResponseModel.swift */ = {isa = PBXFileReference; lastKnownFileType = sourcecode.swift; path = LoginResponseModel.swift; sourceTree = "<group>"; };
		E4C7F0C22421EEF50072E54B /* UIAlerts + Extensions.swift */ = {isa = PBXFileReference; lastKnownFileType = sourcecode.swift; path = "UIAlerts + Extensions.swift"; sourceTree = "<group>"; };
		E4C7F0C424220FF90072E54B /* WerService + GET.swift */ = {isa = PBXFileReference; lastKnownFileType = sourcecode.swift; path = "WerService + GET.swift"; sourceTree = "<group>"; };
		E4C7F0C62422100C0072E54B /* WebService + POST.swift */ = {isa = PBXFileReference; lastKnownFileType = sourcecode.swift; path = "WebService + POST.swift"; sourceTree = "<group>"; };
		E4C7F0C8242210710072E54B /* LoadingButton.swift */ = {isa = PBXFileReference; lastKnownFileType = sourcecode.swift; path = LoadingButton.swift; sourceTree = "<group>"; };
		E4C7F0CA2422171B0072E54B /* UserDefaults + Extension.swift */ = {isa = PBXFileReference; lastKnownFileType = sourcecode.swift; path = "UserDefaults + Extension.swift"; sourceTree = "<group>"; };
		E4C7F0CC242235CD0072E54B /* OTPViewController.swift */ = {isa = PBXFileReference; lastKnownFileType = sourcecode.swift; path = OTPViewController.swift; sourceTree = "<group>"; };
		E4C7F0CE242243FB0072E54B /* LineTextField.swift */ = {isa = PBXFileReference; lastKnownFileType = sourcecode.swift; path = LineTextField.swift; sourceTree = "<group>"; };
		E4C9CA572452FA0B0005E07A /* extensions + UICollectionViewCels.swift */ = {isa = PBXFileReference; lastKnownFileType = sourcecode.swift; path = "extensions + UICollectionViewCels.swift"; sourceTree = "<group>"; };
		E4CBE4AA245FD8B500EA7F0A /* GalleryViewController.swift */ = {isa = PBXFileReference; lastKnownFileType = sourcecode.swift; path = GalleryViewController.swift; sourceTree = "<group>"; };
		E4CBE4AC245FDF6200EA7F0A /* GalleryImageViewController.swift */ = {isa = PBXFileReference; lastKnownFileType = sourcecode.swift; path = GalleryImageViewController.swift; sourceTree = "<group>"; };
		E4CBE4AE245FDF7500EA7F0A /* GalleryVideoViewController.swift */ = {isa = PBXFileReference; lastKnownFileType = sourcecode.swift; path = GalleryVideoViewController.swift; sourceTree = "<group>"; };
		E4CC7755246122C100BFD92E /* CelebrationViewController.swift */ = {isa = PBXFileReference; lastKnownFileType = sourcecode.swift; path = CelebrationViewController.swift; sourceTree = "<group>"; };
		E4CC7757246122DA00BFD92E /* JobsListViewController.swift */ = {isa = PBXFileReference; lastKnownFileType = sourcecode.swift; path = JobsListViewController.swift; sourceTree = "<group>"; };
		E4CC7759246122FB00BFD92E /* JobsDetailViewController.swift */ = {isa = PBXFileReference; lastKnownFileType = sourcecode.swift; path = JobsDetailViewController.swift; sourceTree = "<group>"; };
		E4CC775B2461235100BFD92E /* NewsDetailViewController.swift */ = {isa = PBXFileReference; lastKnownFileType = sourcecode.swift; path = NewsDetailViewController.swift; sourceTree = "<group>"; };
		E4CC775D246123A600BFD92E /* EventsViewController.swift */ = {isa = PBXFileReference; lastKnownFileType = sourcecode.swift; path = EventsViewController.swift; sourceTree = "<group>"; };
		E8BB90CDEEA90F2D829A314A /* Pods_NV_ORGTests.framework */ = {isa = PBXFileReference; explicitFileType = wrapper.framework; includeInIndex = 0; path = Pods_NV_ORGTests.framework; sourceTree = BUILT_PRODUCTS_DIR; };
		F6900CB279A46063597E3D09 /* Pods-NV_ORG.release.xcconfig */ = {isa = PBXFileReference; includeInIndex = 1; lastKnownFileType = text.xcconfig; name = "Pods-NV_ORG.release.xcconfig"; path = "Target Support Files/Pods-NV_ORG/Pods-NV_ORG.release.xcconfig"; sourceTree = "<group>"; };
/* End PBXFileReference section */

/* Begin PBXFrameworksBuildPhase section */
		E4B03350242088C7007F9098 /* Frameworks */ = {
			isa = PBXFrameworksBuildPhase;
			buildActionMask = 2147483647;
			files = (
				E4C6EE842462DB2B009B4EDF /* WebKit.framework in Frameworks */,
				2DAF009170FFF1161011F270 /* Pods_NV_ORG.framework in Frameworks */,
			);
			runOnlyForDeploymentPostprocessing = 0;
		};
		E4B03366242088CD007F9098 /* Frameworks */ = {
			isa = PBXFrameworksBuildPhase;
			buildActionMask = 2147483647;
			files = (
				53A4DFB42D982EC5C87E3A2B /* Pods_NV_ORGTests.framework in Frameworks */,
			);
			runOnlyForDeploymentPostprocessing = 0;
		};
		E4B03371242088CD007F9098 /* Frameworks */ = {
			isa = PBXFrameworksBuildPhase;
			buildActionMask = 2147483647;
			files = (
				59A8F25A42A6EAB40F948FED /* Pods_NV_ORG_NV_ORGUITests.framework in Frameworks */,
			);
			runOnlyForDeploymentPostprocessing = 0;
		};
/* End PBXFrameworksBuildPhase section */

/* Begin PBXGroup section */
		05B51481BEEDB7E4A5F5E39A /* Frameworks */ = {
			isa = PBXGroup;
			children = (
				E4C6EE832462DB2B009B4EDF /* WebKit.framework */,
				BAA7EF3A9A550A287BB658E9 /* Pods_NV_ORG.framework */,
				593A3AAF3B93D10614921894 /* Pods_NV_ORG_NV_ORGUITests.framework */,
				E8BB90CDEEA90F2D829A314A /* Pods_NV_ORGTests.framework */,
			);
			name = Frameworks;
			sourceTree = "<group>";
		};
		6A41D5B133AB36A26A17ADE3 /* Pods */ = {
			isa = PBXGroup;
			children = (
				4EF9871FE0A9432FC05FF6D8 /* Pods-NV_ORG.debug.xcconfig */,
				F6900CB279A46063597E3D09 /* Pods-NV_ORG.release.xcconfig */,
				A5950CF368B33146F24772D3 /* Pods-NV_ORG-NV_ORGUITests.debug.xcconfig */,
				89393DC52021AEA1D0399ED3 /* Pods-NV_ORG-NV_ORGUITests.release.xcconfig */,
				13E1111FD6CDC060B1AAD33A /* Pods-NV_ORGTests.debug.xcconfig */,
				98AB05AB9BD30B088DCD1E58 /* Pods-NV_ORGTests.release.xcconfig */,
			);
			path = Pods;
			sourceTree = "<group>";
		};
		E4347B332432FA070097920B /* SideBar */ = {
			isa = PBXGroup;
			children = (
				E44FB517242DC6CC001D9E3C /* ChangePasswordViewController.swift */,
				E4383E5F242F52F90032A6AD /* MenuViewController.swift */,
				E4347B352432FA420097920B /* HomeFeedSettingsViewController.swift */,
				E4347B392432FF4E0097920B /* AboutUSViewController.swift */,
				E4347B3B2432FF6B0097920B /* PrivacyPolicyViewController.swift */,
				E4347B43243322B00097920B /* NotificationSettingsViewController.swift */,
				E4347B452433463C0097920B /* LeaderShipViewController.swift */,
			);
			path = SideBar;
			sourceTree = "<group>";
		};
		E4347B342432FA1F0097920B /* Login */ = {
			isa = PBXGroup;
			children = (
				E4B033DA2420CA04007F9098 /* LoginViewController.swift */,
				E4C7F0CC242235CD0072E54B /* OTPViewController.swift */,
				E4A38DBE24237A770023CB6D /* EmailCheckViewController.swift */,
				E4A38DC2242394F90023CB6D /* EmailOTPViewController.swift */,
				E4AA654624248F8200B29271 /* ResetPasswordViewController.swift */,
			);
			path = Login;
			sourceTree = "<group>";
		};
		E4347B472433467C0097920B /* SettingsViewModel */ = {
			isa = PBXGroup;
			children = (
				E44FB519242DC6E6001D9E3C /* ChangePasswordViewModel.swift */,
				E4383E63242F63500032A6AD /* MenuControllerViewModel.swift */,
				E4347B3D2432FFF50097920B /* AboutUsViewModel.swift */,
				E4347B3F243303A70097920B /* PrivacyPolicyViewModel.swift */,
				E4347B49243346BC0097920B /* LeaderShipViewModel.swift */,
				E4347B372432FA810097920B /* HomeFeedSettingsViewModel.swift */,
				E4347B41243320FC0097920B /* NotificationSettingsViewModel.swift */,
			);
			path = SettingsViewModel;
			sourceTree = "<group>";
		};
		E4347B48243346910097920B /* LoginVieModel */ = {
			isa = PBXGroup;
			children = (
				E4C7F0BE2421D9510072E54B /* LoginViewModel.swift */,
				E4A38DAE242335C20023CB6D /* OTPViewModel.swift */,
				E4A38DBC2423702B0023CB6D /* EmailVerificationViewModel.swift */,
				E4AA65422424790B00B29271 /* ResetOTPViewModel.swift */,
				E4AA654424248F4800B29271 /* ResetPasswordViewModel.swift */,
			);
			path = LoginVieModel;
			sourceTree = "<group>";
		};
		E4383E54242F148B0032A6AD /* TABBAR */ = {
			isa = PBXGroup;
			children = (
				E4383E55242F14BB0032A6AD /* DashBoardViewController.swift */,
				E4383E57242F14CB0032A6AD /* DirectoryViewController.swift */,
				E4383E59242F14DD0032A6AD /* NotificationViewController.swift */,
				E4383E5B242F14FC0032A6AD /* ProfileViewController.swift */,
			);
			path = TABBAR;
			sourceTree = "<group>";
		};
		E43A18CA2438960A00C90FE9 /* Internal Pages */ = {
			isa = PBXGroup;
			children = (
				E43A18CB2438963700C90FE9 /* EditProfileViewController.swift */,
				E43FCFA0244436B400DC883B /* NewsListViewController.swift */,
				E4A16B5D24595E040024C4D3 /* DirectoryFilterViewController.swift */,
				E4CBE4AA245FD8B500EA7F0A /* GalleryViewController.swift */,
				E4CBE4AC245FDF6200EA7F0A /* GalleryImageViewController.swift */,
				E4CBE4AE245FDF7500EA7F0A /* GalleryVideoViewController.swift */,
				E4CC7755246122C100BFD92E /* CelebrationViewController.swift */,
				E4CC7757246122DA00BFD92E /* JobsListViewController.swift */,
				E4CC7759246122FB00BFD92E /* JobsDetailViewController.swift */,
				E4CC775B2461235100BFD92E /* NewsDetailViewController.swift */,
				E4CC775D246123A600BFD92E /* EventsViewController.swift */,
				E4B92C5224641114004B7EF7 /* NoInternetViewController.swift */,
				E4AB5CA62465703600BF734C /* DirectoryProfileViewController.swift */,
			);
			path = "Internal Pages";
			sourceTree = "<group>";
		};
		E467BC722435B4C800A0DAA9 /* TabBarViewModel */ = {
			isa = PBXGroup;
			children = (
				E49A4D072431B92200E5038B /* DashBoardViewModel.swift */,
				E467BC732435B4E600A0DAA9 /* ProfileViewModel.swift */,
				E4C77E6A24370BAC0079021B /* DirectoryViewModel.swift */,
				E43A18C82438633A00C90FE9 /* NotificationsViewModel.swift */,
			);
			path = TabBarViewModel;
			sourceTree = "<group>";
		};
		E469B0B02446D7FE0053ED09 /* ListPages */ = {
			isa = PBXGroup;
			children = (
				E469B0AE2446D68C0053ED09 /* NewaListPageViewModel.swift */,
			);
			path = ListPages;
			sourceTree = "<group>";
		};
		E4A4AE82245A94650045C5A1 /* InnerPages */ = {
			isa = PBXGroup;
			children = (
				E4A4AE83245A94810045C5A1 /* DirectoryFilterViewModel.swift */,
			);
			path = InnerPages;
			sourceTree = "<group>";
		};
		E4B0334A242088C7007F9098 = {
			isa = PBXGroup;
			children = (
				E4B03355242088C7007F9098 /* NV_ORG */,
				E4B0336C242088CD007F9098 /* NV_ORGTests */,
				E4B03377242088CE007F9098 /* NV_ORGUITests */,
				E4B03354242088C7007F9098 /* Products */,
				6A41D5B133AB36A26A17ADE3 /* Pods */,
				05B51481BEEDB7E4A5F5E39A /* Frameworks */,
			);
			sourceTree = "<group>";
		};
		E4B03354242088C7007F9098 /* Products */ = {
			isa = PBXGroup;
			children = (
				E4B03353242088C7007F9098 /* NV_ORG.app */,
				E4B03369242088CD007F9098 /* NV_ORGTests.xctest */,
				E4B03374242088CE007F9098 /* NV_ORGUITests.xctest */,
			);
			name = Products;
			sourceTree = "<group>";
		};
		E4B03355242088C7007F9098 /* NV_ORG */ = {
			isa = PBXGroup;
			children = (
				E4B033E12420E139007F9098 /* Constants */,
				E4B033DE2420CE1B007F9098 /* Delegate */,
				E4B033D72420C95B007F9098 /* Services */,
				E4B033D62420C952007F9098 /* Extensions */,
				E4B033D52420C949007F9098 /* Controllers */,
				E4B03356242088C7007F9098 /* AppDelegate.swift */,
				E4B03358242088C7007F9098 /* SceneDelegate.swift */,
				E4B033D92420C9BF007F9098 /* Xibs */,
				E4B033D82420C9B1007F9098 /* CustomViews */,
				E4B033D42420C93A007F9098 /* View Model */,
				E4C7F0BC2421D8C90072E54B /* Model */,
				E4B0335C242088C7007F9098 /* Main.storyboard */,
				E4B0335F242088CD007F9098 /* Assets.xcassets */,
				E4B03361242088CD007F9098 /* LaunchScreen.storyboard */,
				E4B03364242088CD007F9098 /* Info.plist */,
			);
			path = NV_ORG;
			sourceTree = "<group>";
		};
		E4B0336C242088CD007F9098 /* NV_ORGTests */ = {
			isa = PBXGroup;
			children = (
				E4B0336D242088CD007F9098 /* NV_ORGTests.swift */,
				E4B0336F242088CD007F9098 /* Info.plist */,
			);
			path = NV_ORGTests;
			sourceTree = "<group>";
		};
		E4B03377242088CE007F9098 /* NV_ORGUITests */ = {
			isa = PBXGroup;
			children = (
				E4B03378242088CE007F9098 /* NV_ORGUITests.swift */,
				E4B0337A242088CE007F9098 /* Info.plist */,
			);
			path = NV_ORGUITests;
			sourceTree = "<group>";
		};
		E4B033D32420C92E007F9098 /* RequestModel */ = {
			isa = PBXGroup;
			children = (
				E4C7F0BA2421D8C00072E54B /* LoginRequestModel.swift */,
				E437726C243D9C7800C9FE25 /* DashBoardFeedRequestModel.swift */,
				E4A38DB0242335F40023CB6D /* OTPRequestModel.swift */,
				E4A38DB6242361340023CB6D /* OTPResendRequestModel.swift */,
				E4A38DBA2423700B0023CB6D /* EmailVerificationRequestModel.swift */,
				E4AA654824249DE200B29271 /* ResetPasswordRequestModel.swift */,
				E44FB51B242DC733001D9E3C /* ChangePasswordRequestModel.swift */,
				E4B92C5424642093004B7EF7 /* JobListRequestModel.swift */,
				E4AB5CAA246572BF00BF734C /* DirectoryProfileRequestModel.swift */,
			);
			path = RequestModel;
			sourceTree = "<group>";
		};
		E4B033D42420C93A007F9098 /* View Model */ = {
			isa = PBXGroup;
			children = (
				E4A4AE82245A94650045C5A1 /* InnerPages */,
				E4347B48243346910097920B /* LoginVieModel */,
				E4347B472433467C0097920B /* SettingsViewModel */,
				E467BC722435B4C800A0DAA9 /* TabBarViewModel */,
				E469B0B02446D7FE0053ED09 /* ListPages */,
			);
			path = "View Model";
			sourceTree = "<group>";
		};
		E4B033D52420C949007F9098 /* Controllers */ = {
			isa = PBXGroup;
			children = (
				E4C6EE802462CEC9009B4EDF /* URL */,
				E43A18CA2438960A00C90FE9 /* Internal Pages */,
				E4347B332432FA070097920B /* SideBar */,
				E4383E54242F148B0032A6AD /* TABBAR */,
				E4347B342432FA1F0097920B /* Login */,
			);
			path = Controllers;
			sourceTree = "<group>";
		};
		E4B033D62420C952007F9098 /* Extensions */ = {
			isa = PBXGroup;
			children = (
				E4B92C5024640DEC004B7EF7 /* ERProgressHud.swift */,
				E4B033DC2420CC65007F9098 /* Extensions + ViewControllers.swift */,
				E4C7F0CA2422171B0072E54B /* UserDefaults + Extension.swift */,
				E4B033E82420E2D3007F9098 /* UIButton + Extension.swift */,
				E4C7F0C22421EEF50072E54B /* UIAlerts + Extensions.swift */,
				E4C7F0C8242210710072E54B /* LoadingButton.swift */,
				E4C7F0CE242243FB0072E54B /* LineTextField.swift */,
				E4C9CA572452FA0B0005E07A /* extensions + UICollectionViewCels.swift */,
			);
			path = Extensions;
			sourceTree = "<group>";
		};
		E4B033D72420C95B007F9098 /* Services */ = {
			isa = PBXGroup;
			children = (
				E4C7F0C424220FF90072E54B /* WerService + GET.swift */,
				E4C7F0C62422100C0072E54B /* WebService + POST.swift */,
			);
			path = Services;
			sourceTree = "<group>";
		};
		E4B033D82420C9B1007F9098 /* CustomViews */ = {
			isa = PBXGroup;
			children = (
				E4383E5D242F1E370032A6AD /* MainTabBar.swift */,
				E4383E61242F614E0032A6AD /* UITableViews.swift */,
				E45CB0FA243D2AC200879D4C /* UICollectionViewCells.swift */,
			);
			path = CustomViews;
			sourceTree = "<group>";
		};
		E4B033D92420C9BF007F9098 /* Xibs */ = {
			isa = PBXGroup;
			children = (
				E4B92C482463F433004B7EF7 /* EmptyTableViewCell.swift */,
				E4B92C492463F433004B7EF7 /* EmptyTableViewCell.xib */,
				E4B92C4C2463F4CF004B7EF7 /* EmptyCollectionViewCell.swift */,
				E4B92C4D2463F4CF004B7EF7 /* EmptyCollectionViewCell.xib */,
			);
			path = Xibs;
			sourceTree = "<group>";
		};
		E4B033DE2420CE1B007F9098 /* Delegate */ = {
			isa = PBXGroup;
			children = (
				E4B033DF2420CE70007F9098 /* Extensions + Protocols.swift */,
				E4A91752245189C500E0841C /* UICollectionViewFlowLayout + Extensions.swift */,
			);
			path = Delegate;
			sourceTree = "<group>";
		};
		E4B033E12420E139007F9098 /* Constants */ = {
			isa = PBXGroup;
			children = (
				E4B033E22420E165007F9098 /* Colors + Constant.swift */,
				E4B033E42420E177007F9098 /* Definitions + Constants.swift */,
				E4B033E62420E18C007F9098 /* String + Constants.swift */,
			);
			path = Constants;
			sourceTree = "<group>";
		};
		E4C6EE802462CEC9009B4EDF /* URL */ = {
			isa = PBXGroup;
			children = (
				E4C6EE812462CEE3009B4EDF /* URLViewController.swift */,
			);
			path = URL;
			sourceTree = "<group>";
		};
		E4C7F0BC2421D8C90072E54B /* Model */ = {
			isa = PBXGroup;
			children = (
				E4C7F0BD2421D8E90072E54B /* ResponseModel */,
				E4B033D32420C92E007F9098 /* RequestModel */,
			);
			path = Model;
			sourceTree = "<group>";
		};
		E4C7F0BD2421D8E90072E54B /* ResponseModel */ = {
			isa = PBXGroup;
			children = (
				E4C7F0C02421DC0B0072E54B /* LoginResponseModel.swift */,
				E4A38DB22423360A0023CB6D /* OTPResponseModel.swift */,
				E4A38DB42423568B0023CB6D /* OTPResendResponseModel.swift */,
				E4A38DC0242389490023CB6D /* EmailVerificationResponseModel.swift */,
				E4AA654A24249DFC00B29271 /* ResetPasswordResponseModel.swift */,
				E44FB51D242DC74B001D9E3C /* ChangePasswordResponseModel.swift */,
				E4383E50242F0EFC0032A6AD /* SignOutResponseModel.swift */,
				E4383E52242F124E0032A6AD /* DashBoardResponseModel.swift */,
				E433FD1624347445005D1359 /* UserDetailResponseModel.swift */,
				E437726E243DA5FE00C9FE25 /* DashBoardFeedResponseModel.swift */,
				E43A6EAC2441CF9100C97FAC /* NewsListPageResponseModel.swift */,
				E43A6EAE2441DB7B00C97FAC /* JobsListPageResponseModel.swift */,
				E475FEA524584243004BCEA6 /* DirectoryListResponseModel.swift */,
				E4A4AE85245AABB00045C5A1 /* DirectoryFilterResponseModel.swift */,
				E4C6EE7E2462AE74009B4EDF /* GalleryListResponseModel.swift */,
				E4B92C462463DB9D004B7EF7 /* NotificationListResponseModel.swift */,
				E4B92C5624644546004B7EF7 /* JobDetailResponseModel.swift */,
				E4AB5CA82465729300BF734C /* DirectoryProfileResponseModel.swift */,
				E4AB5CAC2465958300BF734C /* CelebrationListResponseModel.swift */,
			);
			path = ResponseModel;
			sourceTree = "<group>";
		};
/* End PBXGroup section */

/* Begin PBXNativeTarget section */
		E4B03352242088C7007F9098 /* NV_ORG */ = {
			isa = PBXNativeTarget;
			buildConfigurationList = E4B0337D242088CE007F9098 /* Build configuration list for PBXNativeTarget "NV_ORG" */;
			buildPhases = (
				347072E22E3B070437395A4F /* [CP] Check Pods Manifest.lock */,
				E4B0334F242088C7007F9098 /* Sources */,
				E4B03350242088C7007F9098 /* Frameworks */,
				E4B03351242088C7007F9098 /* Resources */,
				3EB34AFD687AE42A6B05DE38 /* [CP] Embed Pods Frameworks */,
			);
			buildRules = (
			);
			dependencies = (
			);
			name = NV_ORG;
			productName = NV_ORG;
			productReference = E4B03353242088C7007F9098 /* NV_ORG.app */;
			productType = "com.apple.product-type.application";
		};
		E4B03368242088CD007F9098 /* NV_ORGTests */ = {
			isa = PBXNativeTarget;
			buildConfigurationList = E4B03380242088CE007F9098 /* Build configuration list for PBXNativeTarget "NV_ORGTests" */;
			buildPhases = (
				9CB9A6A915C16DD0D41EA633 /* [CP] Check Pods Manifest.lock */,
				E4B03365242088CD007F9098 /* Sources */,
				E4B03366242088CD007F9098 /* Frameworks */,
				E4B03367242088CD007F9098 /* Resources */,
			);
			buildRules = (
			);
			dependencies = (
				E4B0336B242088CD007F9098 /* PBXTargetDependency */,
			);
			name = NV_ORGTests;
			productName = NV_ORGTests;
			productReference = E4B03369242088CD007F9098 /* NV_ORGTests.xctest */;
			productType = "com.apple.product-type.bundle.unit-test";
		};
		E4B03373242088CD007F9098 /* NV_ORGUITests */ = {
			isa = PBXNativeTarget;
			buildConfigurationList = E4B03383242088CE007F9098 /* Build configuration list for PBXNativeTarget "NV_ORGUITests" */;
			buildPhases = (
				AC0EC802121B59BC7F36127E /* [CP] Check Pods Manifest.lock */,
				E4B03370242088CD007F9098 /* Sources */,
				E4B03371242088CD007F9098 /* Frameworks */,
				E4B03372242088CD007F9098 /* Resources */,
				C9DB7DA05AB9D4A227EB3D2A /* [CP] Embed Pods Frameworks */,
			);
			buildRules = (
			);
			dependencies = (
				E4B03376242088CE007F9098 /* PBXTargetDependency */,
			);
			name = NV_ORGUITests;
			productName = NV_ORGUITests;
			productReference = E4B03374242088CE007F9098 /* NV_ORGUITests.xctest */;
			productType = "com.apple.product-type.bundle.ui-testing";
		};
/* End PBXNativeTarget section */

/* Begin PBXProject section */
		E4B0334B242088C7007F9098 /* Project object */ = {
			isa = PBXProject;
			attributes = {
				LastSwiftUpdateCheck = 1130;
				LastUpgradeCheck = 1130;
				ORGANIZATIONNAME = netventure;
				TargetAttributes = {
					E4B03352242088C7007F9098 = {
						CreatedOnToolsVersion = 11.3.1;
					};
					E4B03368242088CD007F9098 = {
						CreatedOnToolsVersion = 11.3.1;
						TestTargetID = E4B03352242088C7007F9098;
					};
					E4B03373242088CD007F9098 = {
						CreatedOnToolsVersion = 11.3.1;
						TestTargetID = E4B03352242088C7007F9098;
					};
				};
			};
			buildConfigurationList = E4B0334E242088C7007F9098 /* Build configuration list for PBXProject "NV_ORG" */;
			compatibilityVersion = "Xcode 9.3";
			developmentRegion = en;
			hasScannedForEncodings = 0;
			knownRegions = (
				en,
				Base,
			);
			mainGroup = E4B0334A242088C7007F9098;
			productRefGroup = E4B03354242088C7007F9098 /* Products */;
			projectDirPath = "";
			projectRoot = "";
			targets = (
				E4B03352242088C7007F9098 /* NV_ORG */,
				E4B03368242088CD007F9098 /* NV_ORGTests */,
				E4B03373242088CD007F9098 /* NV_ORGUITests */,
			);
		};
/* End PBXProject section */

/* Begin PBXResourcesBuildPhase section */
		E4B03351242088C7007F9098 /* Resources */ = {
			isa = PBXResourcesBuildPhase;
			buildActionMask = 2147483647;
			files = (
				E4B03363242088CD007F9098 /* LaunchScreen.storyboard in Resources */,
				E4B92C4B2463F433004B7EF7 /* EmptyTableViewCell.xib in Resources */,
				E4B03360242088CD007F9098 /* Assets.xcassets in Resources */,
				E4B0335E242088C7007F9098 /* Main.storyboard in Resources */,
				E4B92C4F2463F4CF004B7EF7 /* EmptyCollectionViewCell.xib in Resources */,
			);
			runOnlyForDeploymentPostprocessing = 0;
		};
		E4B03367242088CD007F9098 /* Resources */ = {
			isa = PBXResourcesBuildPhase;
			buildActionMask = 2147483647;
			files = (
			);
			runOnlyForDeploymentPostprocessing = 0;
		};
		E4B03372242088CD007F9098 /* Resources */ = {
			isa = PBXResourcesBuildPhase;
			buildActionMask = 2147483647;
			files = (
			);
			runOnlyForDeploymentPostprocessing = 0;
		};
/* End PBXResourcesBuildPhase section */

/* Begin PBXShellScriptBuildPhase section */
		347072E22E3B070437395A4F /* [CP] Check Pods Manifest.lock */ = {
			isa = PBXShellScriptBuildPhase;
			buildActionMask = 2147483647;
			files = (
			);
			inputFileListPaths = (
			);
			inputPaths = (
				"${PODS_PODFILE_DIR_PATH}/Podfile.lock",
				"${PODS_ROOT}/Manifest.lock",
			);
			name = "[CP] Check Pods Manifest.lock";
			outputFileListPaths = (
			);
			outputPaths = (
				"$(DERIVED_FILE_DIR)/Pods-NV_ORG-checkManifestLockResult.txt",
			);
			runOnlyForDeploymentPostprocessing = 0;
			shellPath = /bin/sh;
			shellScript = "diff \"${PODS_PODFILE_DIR_PATH}/Podfile.lock\" \"${PODS_ROOT}/Manifest.lock\" > /dev/null\nif [ $? != 0 ] ; then\n    # print error to STDERR\n    echo \"error: The sandbox is not in sync with the Podfile.lock. Run 'pod install' or update your CocoaPods installation.\" >&2\n    exit 1\nfi\n# This output is used by Xcode 'outputs' to avoid re-running this script phase.\necho \"SUCCESS\" > \"${SCRIPT_OUTPUT_FILE_0}\"\n";
			showEnvVarsInLog = 0;
		};
		3EB34AFD687AE42A6B05DE38 /* [CP] Embed Pods Frameworks */ = {
			isa = PBXShellScriptBuildPhase;
			buildActionMask = 2147483647;
			files = (
			);
			inputFileListPaths = (
				"${PODS_ROOT}/Target Support Files/Pods-NV_ORG/Pods-NV_ORG-frameworks-${CONFIGURATION}-input-files.xcfilelist",
			);
			name = "[CP] Embed Pods Frameworks";
			outputFileListPaths = (
				"${PODS_ROOT}/Target Support Files/Pods-NV_ORG/Pods-NV_ORG-frameworks-${CONFIGURATION}-output-files.xcfilelist",
			);
			runOnlyForDeploymentPostprocessing = 0;
			shellPath = /bin/sh;
			shellScript = "\"${PODS_ROOT}/Target Support Files/Pods-NV_ORG/Pods-NV_ORG-frameworks.sh\"\n";
			showEnvVarsInLog = 0;
		};
		9CB9A6A915C16DD0D41EA633 /* [CP] Check Pods Manifest.lock */ = {
			isa = PBXShellScriptBuildPhase;
			buildActionMask = 2147483647;
			files = (
			);
			inputFileListPaths = (
			);
			inputPaths = (
				"${PODS_PODFILE_DIR_PATH}/Podfile.lock",
				"${PODS_ROOT}/Manifest.lock",
			);
			name = "[CP] Check Pods Manifest.lock";
			outputFileListPaths = (
			);
			outputPaths = (
				"$(DERIVED_FILE_DIR)/Pods-NV_ORGTests-checkManifestLockResult.txt",
			);
			runOnlyForDeploymentPostprocessing = 0;
			shellPath = /bin/sh;
			shellScript = "diff \"${PODS_PODFILE_DIR_PATH}/Podfile.lock\" \"${PODS_ROOT}/Manifest.lock\" > /dev/null\nif [ $? != 0 ] ; then\n    # print error to STDERR\n    echo \"error: The sandbox is not in sync with the Podfile.lock. Run 'pod install' or update your CocoaPods installation.\" >&2\n    exit 1\nfi\n# This output is used by Xcode 'outputs' to avoid re-running this script phase.\necho \"SUCCESS\" > \"${SCRIPT_OUTPUT_FILE_0}\"\n";
			showEnvVarsInLog = 0;
		};
		AC0EC802121B59BC7F36127E /* [CP] Check Pods Manifest.lock */ = {
			isa = PBXShellScriptBuildPhase;
			buildActionMask = 2147483647;
			files = (
			);
			inputFileListPaths = (
			);
			inputPaths = (
				"${PODS_PODFILE_DIR_PATH}/Podfile.lock",
				"${PODS_ROOT}/Manifest.lock",
			);
			name = "[CP] Check Pods Manifest.lock";
			outputFileListPaths = (
			);
			outputPaths = (
				"$(DERIVED_FILE_DIR)/Pods-NV_ORG-NV_ORGUITests-checkManifestLockResult.txt",
			);
			runOnlyForDeploymentPostprocessing = 0;
			shellPath = /bin/sh;
			shellScript = "diff \"${PODS_PODFILE_DIR_PATH}/Podfile.lock\" \"${PODS_ROOT}/Manifest.lock\" > /dev/null\nif [ $? != 0 ] ; then\n    # print error to STDERR\n    echo \"error: The sandbox is not in sync with the Podfile.lock. Run 'pod install' or update your CocoaPods installation.\" >&2\n    exit 1\nfi\n# This output is used by Xcode 'outputs' to avoid re-running this script phase.\necho \"SUCCESS\" > \"${SCRIPT_OUTPUT_FILE_0}\"\n";
			showEnvVarsInLog = 0;
		};
		C9DB7DA05AB9D4A227EB3D2A /* [CP] Embed Pods Frameworks */ = {
			isa = PBXShellScriptBuildPhase;
			buildActionMask = 2147483647;
			files = (
			);
			inputFileListPaths = (
				"${PODS_ROOT}/Target Support Files/Pods-NV_ORG-NV_ORGUITests/Pods-NV_ORG-NV_ORGUITests-frameworks-${CONFIGURATION}-input-files.xcfilelist",
			);
			name = "[CP] Embed Pods Frameworks";
			outputFileListPaths = (
				"${PODS_ROOT}/Target Support Files/Pods-NV_ORG-NV_ORGUITests/Pods-NV_ORG-NV_ORGUITests-frameworks-${CONFIGURATION}-output-files.xcfilelist",
			);
			runOnlyForDeploymentPostprocessing = 0;
			shellPath = /bin/sh;
			shellScript = "\"${PODS_ROOT}/Target Support Files/Pods-NV_ORG-NV_ORGUITests/Pods-NV_ORG-NV_ORGUITests-frameworks.sh\"\n";
			showEnvVarsInLog = 0;
		};
/* End PBXShellScriptBuildPhase section */

/* Begin PBXSourcesBuildPhase section */
		E4B0334F242088C7007F9098 /* Sources */ = {
			isa = PBXSourcesBuildPhase;
			buildActionMask = 2147483647;
			files = (
				E469B0AF2446D68C0053ED09 /* NewaListPageViewModel.swift in Sources */,
				E4A38DAF242335C20023CB6D /* OTPViewModel.swift in Sources */,
				E4383E51242F0EFC0032A6AD /* SignOutResponseModel.swift in Sources */,
				E433FD1724347445005D1359 /* UserDetailResponseModel.swift in Sources */,
				E4CC7756246122C100BFD92E /* CelebrationViewController.swift in Sources */,
				E4AB5CAB246572BF00BF734C /* DirectoryProfileRequestModel.swift in Sources */,
				E4C7F0C12421DC0B0072E54B /* LoginResponseModel.swift in Sources */,
				E4347B462433463C0097920B /* LeaderShipViewController.swift in Sources */,
				E4A91753245189C500E0841C /* UICollectionViewFlowLayout + Extensions.swift in Sources */,
				E4B033E02420CE70007F9098 /* Extensions + Protocols.swift in Sources */,
				E4347B362432FA430097920B /* HomeFeedSettingsViewController.swift in Sources */,
				E4C7F0CB2422171B0072E54B /* UserDefaults + Extension.swift in Sources */,
				E4383E5A242F14DD0032A6AD /* NotificationViewController.swift in Sources */,
				E4383E5C242F14FC0032A6AD /* ProfileViewController.swift in Sources */,
				E4C7F0BB2421D8C00072E54B /* LoginRequestModel.swift in Sources */,
				E4C7F0BF2421D9510072E54B /* LoginViewModel.swift in Sources */,
				E4347B42243320FC0097920B /* NotificationSettingsViewModel.swift in Sources */,
				E4383E53242F124E0032A6AD /* DashBoardResponseModel.swift in Sources */,
				E43A18C92438633A00C90FE9 /* NotificationsViewModel.swift in Sources */,
				E4AA654B24249DFC00B29271 /* ResetPasswordResponseModel.swift in Sources */,
				E437726D243D9C7800C9FE25 /* DashBoardFeedRequestModel.swift in Sources */,
				E43A18CC2438963700C90FE9 /* EditProfileViewController.swift in Sources */,
				E4B033DB2420CA04007F9098 /* LoginViewController.swift in Sources */,
				E4C7F0C32421EEF50072E54B /* UIAlerts + Extensions.swift in Sources */,
				E4383E64242F63500032A6AD /* MenuControllerViewModel.swift in Sources */,
				E4CC775C2461235100BFD92E /* NewsDetailViewController.swift in Sources */,
				E43A6EAF2441DB7B00C97FAC /* JobsListPageResponseModel.swift in Sources */,
				E467BC742435B4E600A0DAA9 /* ProfileViewModel.swift in Sources */,
				E4B033E72420E18C007F9098 /* String + Constants.swift in Sources */,
				E4B03357242088C7007F9098 /* AppDelegate.swift in Sources */,
				E4A38DB32423360A0023CB6D /* OTPResponseModel.swift in Sources */,
				E4B92C5324641114004B7EF7 /* NoInternetViewController.swift in Sources */,
				E45CB0FB243D2AC200879D4C /* UICollectionViewCells.swift in Sources */,
				E4B92C4A2463F433004B7EF7 /* EmptyTableViewCell.swift in Sources */,
				E4C7F0C9242210710072E54B /* LoadingButton.swift in Sources */,
				E44FB51A242DC6E6001D9E3C /* ChangePasswordViewModel.swift in Sources */,
				E4CC7758246122DA00BFD92E /* JobsListViewController.swift in Sources */,
				E4AB5CA92465729300BF734C /* DirectoryProfileResponseModel.swift in Sources */,
				E4347B3A2432FF4E0097920B /* AboutUSViewController.swift in Sources */,
				E4383E5E242F1E370032A6AD /* MainTabBar.swift in Sources */,
				E437726F243DA5FE00C9FE25 /* DashBoardFeedResponseModel.swift in Sources */,
				E44FB518242DC6CC001D9E3C /* ChangePasswordViewController.swift in Sources */,
				E4A38DB7242361340023CB6D /* OTPResendRequestModel.swift in Sources */,
				E4B033E52420E177007F9098 /* Definitions + Constants.swift in Sources */,
				E4B033E92420E2D3007F9098 /* UIButton + Extension.swift in Sources */,
				E4B92C472463DB9D004B7EF7 /* NotificationListResponseModel.swift in Sources */,
				E49A4D082431B92200E5038B /* DashBoardViewModel.swift in Sources */,
				E4347B382432FA810097920B /* HomeFeedSettingsViewModel.swift in Sources */,
				E4C7F0CF242243FB0072E54B /* LineTextField.swift in Sources */,
				E4CC775E246123A600BFD92E /* EventsViewController.swift in Sources */,
				E4A38DBB2423700B0023CB6D /* EmailVerificationRequestModel.swift in Sources */,
				E4C7F0CD242235CD0072E54B /* OTPViewController.swift in Sources */,
				E4A38DC1242389490023CB6D /* EmailVerificationResponseModel.swift in Sources */,
				E4383E56242F14BB0032A6AD /* DashBoardViewController.swift in Sources */,
				E4AA654724248F8200B29271 /* ResetPasswordViewController.swift in Sources */,
				E475FEA624584244004BCEA6 /* DirectoryListResponseModel.swift in Sources */,
				E4347B40243303A70097920B /* PrivacyPolicyViewModel.swift in Sources */,
				E4AB5CA72465703600BF734C /* DirectoryProfileViewController.swift in Sources */,
				E43FCFA1244436B400DC883B /* NewsListViewController.swift in Sources */,
				E4347B3E2432FFF50097920B /* AboutUsViewModel.swift in Sources */,
				E4CBE4AD245FDF6200EA7F0A /* GalleryImageViewController.swift in Sources */,
				E44FB51C242DC733001D9E3C /* ChangePasswordRequestModel.swift in Sources */,
				E4347B44243322B00097920B /* NotificationSettingsViewController.swift in Sources */,
				E4A38DBD2423702B0023CB6D /* EmailVerificationViewModel.swift in Sources */,
				E4C6EE822462CEE4009B4EDF /* URLViewController.swift in Sources */,
				E4AA654924249DE200B29271 /* ResetPasswordRequestModel.swift in Sources */,
				E4A38DB1242335F40023CB6D /* OTPRequestModel.swift in Sources */,
				E4AB5CAD2465958300BF734C /* CelebrationListResponseModel.swift in Sources */,
				E4B92C5524642093004B7EF7 /* JobListRequestModel.swift in Sources */,
				E4B033E32420E165007F9098 /* Colors + Constant.swift in Sources */,
				E4A38DBF24237A770023CB6D /* EmailCheckViewController.swift in Sources */,
				E4CBE4AB245FD8B500EA7F0A /* GalleryViewController.swift in Sources */,
				E4C7F0C524220FF90072E54B /* WerService + GET.swift in Sources */,
				E4A4AE86245AABB00045C5A1 /* DirectoryFilterResponseModel.swift in Sources */,
				E4C7F0C72422100C0072E54B /* WebService + POST.swift in Sources */,
				E4A16B5E24595E040024C4D3 /* DirectoryFilterViewController.swift in Sources */,
				E4A4AE84245A94810045C5A1 /* DirectoryFilterViewModel.swift in Sources */,
				E4B92C5724644546004B7EF7 /* JobDetailResponseModel.swift in Sources */,
				E4B92C5124640DEC004B7EF7 /* ERProgressHud.swift in Sources */,
				E4A38DC3242394F90023CB6D /* EmailOTPViewController.swift in Sources */,
				E4AA65432424790B00B29271 /* ResetOTPViewModel.swift in Sources */,
				E4CBE4AF245FDF7500EA7F0A /* GalleryVideoViewController.swift in Sources */,
				E43A6EAD2441CF9100C97FAC /* NewsListPageResponseModel.swift in Sources */,
				E4AA654524248F4800B29271 /* ResetPasswordViewModel.swift in Sources */,
				E4C77E6B24370BAC0079021B /* DirectoryViewModel.swift in Sources */,
				E4B033DD2420CC65007F9098 /* Extensions + ViewControllers.swift in Sources */,
				E4383E58242F14CB0032A6AD /* DirectoryViewController.swift in Sources */,
				E44FB51E242DC74B001D9E3C /* ChangePasswordResponseModel.swift in Sources */,
				E4A38DB52423568C0023CB6D /* OTPResendResponseModel.swift in Sources */,
				E4383E62242F614E0032A6AD /* UITableViews.swift in Sources */,
				E4347B3C2432FF6B0097920B /* PrivacyPolicyViewController.swift in Sources */,
				E4B03359242088C7007F9098 /* SceneDelegate.swift in Sources */,
				E4CC775A246122FB00BFD92E /* JobsDetailViewController.swift in Sources */,
				E4383E60242F52F90032A6AD /* MenuViewController.swift in Sources */,
				E4347B4A243346BC0097920B /* LeaderShipViewModel.swift in Sources */,
				E4C9CA582452FA0B0005E07A /* extensions + UICollectionViewCels.swift in Sources */,
				E4B92C4E2463F4CF004B7EF7 /* EmptyCollectionViewCell.swift in Sources */,
				E4C6EE7F2462AE75009B4EDF /* GalleryListResponseModel.swift in Sources */,
			);
			runOnlyForDeploymentPostprocessing = 0;
		};
		E4B03365242088CD007F9098 /* Sources */ = {
			isa = PBXSourcesBuildPhase;
			buildActionMask = 2147483647;
			files = (
				E4B0336E242088CD007F9098 /* NV_ORGTests.swift in Sources */,
			);
			runOnlyForDeploymentPostprocessing = 0;
		};
		E4B03370242088CD007F9098 /* Sources */ = {
			isa = PBXSourcesBuildPhase;
			buildActionMask = 2147483647;
			files = (
				E4B03379242088CE007F9098 /* NV_ORGUITests.swift in Sources */,
			);
			runOnlyForDeploymentPostprocessing = 0;
		};
/* End PBXSourcesBuildPhase section */

/* Begin PBXTargetDependency section */
		E4B0336B242088CD007F9098 /* PBXTargetDependency */ = {
			isa = PBXTargetDependency;
			target = E4B03352242088C7007F9098 /* NV_ORG */;
			targetProxy = E4B0336A242088CD007F9098 /* PBXContainerItemProxy */;
		};
		E4B03376242088CE007F9098 /* PBXTargetDependency */ = {
			isa = PBXTargetDependency;
			target = E4B03352242088C7007F9098 /* NV_ORG */;
			targetProxy = E4B03375242088CE007F9098 /* PBXContainerItemProxy */;
		};
/* End PBXTargetDependency section */

/* Begin PBXVariantGroup section */
		E4B0335C242088C7007F9098 /* Main.storyboard */ = {
			isa = PBXVariantGroup;
			children = (
				E4B0335D242088C7007F9098 /* Base */,
			);
			name = Main.storyboard;
			sourceTree = "<group>";
		};
		E4B03361242088CD007F9098 /* LaunchScreen.storyboard */ = {
			isa = PBXVariantGroup;
			children = (
				E4B03362242088CD007F9098 /* Base */,
			);
			name = LaunchScreen.storyboard;
			sourceTree = "<group>";
		};
/* End PBXVariantGroup section */

/* Begin XCBuildConfiguration section */
		E4B0337B242088CE007F9098 /* Debug */ = {
			isa = XCBuildConfiguration;
			buildSettings = {
				ALWAYS_SEARCH_USER_PATHS = NO;
				CLANG_ANALYZER_NONNULL = YES;
				CLANG_ANALYZER_NUMBER_OBJECT_CONVERSION = YES_AGGRESSIVE;
				CLANG_CXX_LANGUAGE_STANDARD = "gnu++14";
				CLANG_CXX_LIBRARY = "libc++";
				CLANG_ENABLE_MODULES = YES;
				CLANG_ENABLE_OBJC_ARC = YES;
				CLANG_ENABLE_OBJC_WEAK = YES;
				CLANG_WARN_BLOCK_CAPTURE_AUTORELEASING = YES;
				CLANG_WARN_BOOL_CONVERSION = YES;
				CLANG_WARN_COMMA = YES;
				CLANG_WARN_CONSTANT_CONVERSION = YES;
				CLANG_WARN_DEPRECATED_OBJC_IMPLEMENTATIONS = YES;
				CLANG_WARN_DIRECT_OBJC_ISA_USAGE = YES_ERROR;
				CLANG_WARN_DOCUMENTATION_COMMENTS = YES;
				CLANG_WARN_EMPTY_BODY = YES;
				CLANG_WARN_ENUM_CONVERSION = YES;
				CLANG_WARN_INFINITE_RECURSION = YES;
				CLANG_WARN_INT_CONVERSION = YES;
				CLANG_WARN_NON_LITERAL_NULL_CONVERSION = YES;
				CLANG_WARN_OBJC_IMPLICIT_RETAIN_SELF = YES;
				CLANG_WARN_OBJC_LITERAL_CONVERSION = YES;
				CLANG_WARN_OBJC_ROOT_CLASS = YES_ERROR;
				CLANG_WARN_RANGE_LOOP_ANALYSIS = YES;
				CLANG_WARN_STRICT_PROTOTYPES = YES;
				CLANG_WARN_SUSPICIOUS_MOVE = YES;
				CLANG_WARN_UNGUARDED_AVAILABILITY = YES_AGGRESSIVE;
				CLANG_WARN_UNREACHABLE_CODE = YES;
				CLANG_WARN__DUPLICATE_METHOD_MATCH = YES;
				COPY_PHASE_STRIP = NO;
				DEBUG_INFORMATION_FORMAT = dwarf;
				ENABLE_STRICT_OBJC_MSGSEND = YES;
				ENABLE_TESTABILITY = YES;
				GCC_C_LANGUAGE_STANDARD = gnu11;
				GCC_DYNAMIC_NO_PIC = NO;
				GCC_NO_COMMON_BLOCKS = YES;
				GCC_OPTIMIZATION_LEVEL = 0;
				GCC_PREPROCESSOR_DEFINITIONS = (
					"DEBUG=1",
					"$(inherited)",
				);
				GCC_WARN_64_TO_32_BIT_CONVERSION = YES;
				GCC_WARN_ABOUT_RETURN_TYPE = YES_ERROR;
				GCC_WARN_UNDECLARED_SELECTOR = YES;
				GCC_WARN_UNINITIALIZED_AUTOS = YES_AGGRESSIVE;
				GCC_WARN_UNUSED_FUNCTION = YES;
				GCC_WARN_UNUSED_VARIABLE = YES;
				IPHONEOS_DEPLOYMENT_TARGET = 13.2;
				MTL_ENABLE_DEBUG_INFO = INCLUDE_SOURCE;
				MTL_FAST_MATH = YES;
				ONLY_ACTIVE_ARCH = YES;
				SDKROOT = iphoneos;
				SWIFT_ACTIVE_COMPILATION_CONDITIONS = DEBUG;
				SWIFT_OPTIMIZATION_LEVEL = "-Onone";
			};
			name = Debug;
		};
		E4B0337C242088CE007F9098 /* Release */ = {
			isa = XCBuildConfiguration;
			buildSettings = {
				ALWAYS_SEARCH_USER_PATHS = NO;
				CLANG_ANALYZER_NONNULL = YES;
				CLANG_ANALYZER_NUMBER_OBJECT_CONVERSION = YES_AGGRESSIVE;
				CLANG_CXX_LANGUAGE_STANDARD = "gnu++14";
				CLANG_CXX_LIBRARY = "libc++";
				CLANG_ENABLE_MODULES = YES;
				CLANG_ENABLE_OBJC_ARC = YES;
				CLANG_ENABLE_OBJC_WEAK = YES;
				CLANG_WARN_BLOCK_CAPTURE_AUTORELEASING = YES;
				CLANG_WARN_BOOL_CONVERSION = YES;
				CLANG_WARN_COMMA = YES;
				CLANG_WARN_CONSTANT_CONVERSION = YES;
				CLANG_WARN_DEPRECATED_OBJC_IMPLEMENTATIONS = YES;
				CLANG_WARN_DIRECT_OBJC_ISA_USAGE = YES_ERROR;
				CLANG_WARN_DOCUMENTATION_COMMENTS = YES;
				CLANG_WARN_EMPTY_BODY = YES;
				CLANG_WARN_ENUM_CONVERSION = YES;
				CLANG_WARN_INFINITE_RECURSION = YES;
				CLANG_WARN_INT_CONVERSION = YES;
				CLANG_WARN_NON_LITERAL_NULL_CONVERSION = YES;
				CLANG_WARN_OBJC_IMPLICIT_RETAIN_SELF = YES;
				CLANG_WARN_OBJC_LITERAL_CONVERSION = YES;
				CLANG_WARN_OBJC_ROOT_CLASS = YES_ERROR;
				CLANG_WARN_RANGE_LOOP_ANALYSIS = YES;
				CLANG_WARN_STRICT_PROTOTYPES = YES;
				CLANG_WARN_SUSPICIOUS_MOVE = YES;
				CLANG_WARN_UNGUARDED_AVAILABILITY = YES_AGGRESSIVE;
				CLANG_WARN_UNREACHABLE_CODE = YES;
				CLANG_WARN__DUPLICATE_METHOD_MATCH = YES;
				COPY_PHASE_STRIP = NO;
				DEBUG_INFORMATION_FORMAT = "dwarf-with-dsym";
				ENABLE_NS_ASSERTIONS = NO;
				ENABLE_STRICT_OBJC_MSGSEND = YES;
				GCC_C_LANGUAGE_STANDARD = gnu11;
				GCC_NO_COMMON_BLOCKS = YES;
				GCC_WARN_64_TO_32_BIT_CONVERSION = YES;
				GCC_WARN_ABOUT_RETURN_TYPE = YES_ERROR;
				GCC_WARN_UNDECLARED_SELECTOR = YES;
				GCC_WARN_UNINITIALIZED_AUTOS = YES_AGGRESSIVE;
				GCC_WARN_UNUSED_FUNCTION = YES;
				GCC_WARN_UNUSED_VARIABLE = YES;
				IPHONEOS_DEPLOYMENT_TARGET = 13.2;
				MTL_ENABLE_DEBUG_INFO = NO;
				MTL_FAST_MATH = YES;
				SDKROOT = iphoneos;
				SWIFT_COMPILATION_MODE = wholemodule;
				SWIFT_OPTIMIZATION_LEVEL = "-O";
				VALIDATE_PRODUCT = YES;
			};
			name = Release;
		};
		E4B0337E242088CE007F9098 /* Debug */ = {
			isa = XCBuildConfiguration;
			baseConfigurationReference = 4EF9871FE0A9432FC05FF6D8 /* Pods-NV_ORG.debug.xcconfig */;
			buildSettings = {
				ASSETCATALOG_COMPILER_APPICON_NAME = AppIcon;
				CODE_SIGN_STYLE = Automatic;
				DEVELOPMENT_TEAM = LQWZN799NJ;
				INFOPLIST_FILE = NV_ORG/Info.plist;
				IPHONEOS_DEPLOYMENT_TARGET = 12.4;
				LD_RUNPATH_SEARCH_PATHS = (
					"$(inherited)",
					"@executable_path/Frameworks",
				);
				PRODUCT_BUNDLE_IDENTIFIER = "com.freelancer.NV-ORG";
				PRODUCT_NAME = "$(TARGET_NAME)";
				SWIFT_VERSION = 5.0;
				TARGETED_DEVICE_FAMILY = 1;
			};
			name = Debug;
		};
		E4B0337F242088CE007F9098 /* Release */ = {
			isa = XCBuildConfiguration;
			baseConfigurationReference = F6900CB279A46063597E3D09 /* Pods-NV_ORG.release.xcconfig */;
			buildSettings = {
				ASSETCATALOG_COMPILER_APPICON_NAME = AppIcon;
				CODE_SIGN_STYLE = Automatic;
				DEVELOPMENT_TEAM = LQWZN799NJ;
				INFOPLIST_FILE = NV_ORG/Info.plist;
				IPHONEOS_DEPLOYMENT_TARGET = 12.4;
				LD_RUNPATH_SEARCH_PATHS = (
					"$(inherited)",
					"@executable_path/Frameworks",
				);
				PRODUCT_BUNDLE_IDENTIFIER = "com.freelancer.NV-ORG";
				PRODUCT_NAME = "$(TARGET_NAME)";
				SWIFT_VERSION = 5.0;
				TARGETED_DEVICE_FAMILY = 1;
			};
			name = Release;
		};
		E4B03381242088CE007F9098 /* Debug */ = {
			isa = XCBuildConfiguration;
			baseConfigurationReference = 13E1111FD6CDC060B1AAD33A /* Pods-NV_ORGTests.debug.xcconfig */;
			buildSettings = {
				ALWAYS_EMBED_SWIFT_STANDARD_LIBRARIES = YES;
				BUNDLE_LOADER = "$(TEST_HOST)";
				CODE_SIGN_STYLE = Automatic;
				DEVELOPMENT_TEAM = LQWZN799NJ;
				INFOPLIST_FILE = NV_ORGTests/Info.plist;
				IPHONEOS_DEPLOYMENT_TARGET = 13.2;
				LD_RUNPATH_SEARCH_PATHS = (
					"$(inherited)",
					"@executable_path/Frameworks",
					"@loader_path/Frameworks",
				);
				PRODUCT_BUNDLE_IDENTIFIER = "com.freelancer.NV-ORGTests";
				PRODUCT_NAME = "$(TARGET_NAME)";
				SWIFT_VERSION = 5.0;
				TARGETED_DEVICE_FAMILY = "1,2";
				TEST_HOST = "$(BUILT_PRODUCTS_DIR)/NV_ORG.app/NV_ORG";
			};
			name = Debug;
		};
		E4B03382242088CE007F9098 /* Release */ = {
			isa = XCBuildConfiguration;
			baseConfigurationReference = 98AB05AB9BD30B088DCD1E58 /* Pods-NV_ORGTests.release.xcconfig */;
			buildSettings = {
				ALWAYS_EMBED_SWIFT_STANDARD_LIBRARIES = YES;
				BUNDLE_LOADER = "$(TEST_HOST)";
				CODE_SIGN_STYLE = Automatic;
				DEVELOPMENT_TEAM = LQWZN799NJ;
				INFOPLIST_FILE = NV_ORGTests/Info.plist;
				IPHONEOS_DEPLOYMENT_TARGET = 13.2;
				LD_RUNPATH_SEARCH_PATHS = (
					"$(inherited)",
					"@executable_path/Frameworks",
					"@loader_path/Frameworks",
				);
				PRODUCT_BUNDLE_IDENTIFIER = "com.freelancer.NV-ORGTests";
				PRODUCT_NAME = "$(TARGET_NAME)";
				SWIFT_VERSION = 5.0;
				TARGETED_DEVICE_FAMILY = "1,2";
				TEST_HOST = "$(BUILT_PRODUCTS_DIR)/NV_ORG.app/NV_ORG";
			};
			name = Release;
		};
		E4B03384242088CE007F9098 /* Debug */ = {
			isa = XCBuildConfiguration;
			baseConfigurationReference = A5950CF368B33146F24772D3 /* Pods-NV_ORG-NV_ORGUITests.debug.xcconfig */;
			buildSettings = {
				ALWAYS_EMBED_SWIFT_STANDARD_LIBRARIES = YES;
				CODE_SIGN_STYLE = Automatic;
				DEVELOPMENT_TEAM = LQWZN799NJ;
				INFOPLIST_FILE = NV_ORGUITests/Info.plist;
				LD_RUNPATH_SEARCH_PATHS = (
					"$(inherited)",
					"@executable_path/Frameworks",
					"@loader_path/Frameworks",
				);
				PRODUCT_BUNDLE_IDENTIFIER = "com.freelancer.NV-ORGUITests";
				PRODUCT_NAME = "$(TARGET_NAME)";
				SWIFT_VERSION = 5.0;
				TARGETED_DEVICE_FAMILY = "1,2";
				TEST_TARGET_NAME = NV_ORG;
			};
			name = Debug;
		};
		E4B03385242088CE007F9098 /* Release */ = {
			isa = XCBuildConfiguration;
			baseConfigurationReference = 89393DC52021AEA1D0399ED3 /* Pods-NV_ORG-NV_ORGUITests.release.xcconfig */;
			buildSettings = {
				ALWAYS_EMBED_SWIFT_STANDARD_LIBRARIES = YES;
				CODE_SIGN_STYLE = Automatic;
				DEVELOPMENT_TEAM = LQWZN799NJ;
				INFOPLIST_FILE = NV_ORGUITests/Info.plist;
				LD_RUNPATH_SEARCH_PATHS = (
					"$(inherited)",
					"@executable_path/Frameworks",
					"@loader_path/Frameworks",
				);
				PRODUCT_BUNDLE_IDENTIFIER = "com.freelancer.NV-ORGUITests";
				PRODUCT_NAME = "$(TARGET_NAME)";
				SWIFT_VERSION = 5.0;
				TARGETED_DEVICE_FAMILY = "1,2";
				TEST_TARGET_NAME = NV_ORG;
			};
			name = Release;
		};
/* End XCBuildConfiguration section */

/* Begin XCConfigurationList section */
		E4B0334E242088C7007F9098 /* Build configuration list for PBXProject "NV_ORG" */ = {
			isa = XCConfigurationList;
			buildConfigurations = (
				E4B0337B242088CE007F9098 /* Debug */,
				E4B0337C242088CE007F9098 /* Release */,
			);
			defaultConfigurationIsVisible = 0;
			defaultConfigurationName = Release;
		};
		E4B0337D242088CE007F9098 /* Build configuration list for PBXNativeTarget "NV_ORG" */ = {
			isa = XCConfigurationList;
			buildConfigurations = (
				E4B0337E242088CE007F9098 /* Debug */,
				E4B0337F242088CE007F9098 /* Release */,
			);
			defaultConfigurationIsVisible = 0;
			defaultConfigurationName = Release;
		};
		E4B03380242088CE007F9098 /* Build configuration list for PBXNativeTarget "NV_ORGTests" */ = {
			isa = XCConfigurationList;
			buildConfigurations = (
				E4B03381242088CE007F9098 /* Debug */,
				E4B03382242088CE007F9098 /* Release */,
			);
			defaultConfigurationIsVisible = 0;
			defaultConfigurationName = Release;
		};
		E4B03383242088CE007F9098 /* Build configuration list for PBXNativeTarget "NV_ORGUITests" */ = {
			isa = XCConfigurationList;
			buildConfigurations = (
				E4B03384242088CE007F9098 /* Debug */,
				E4B03385242088CE007F9098 /* Release */,
			);
			defaultConfigurationIsVisible = 0;
			defaultConfigurationName = Release;
		};
/* End XCConfigurationList section */
	};
	rootObject = E4B0334B242088C7007F9098 /* Project object */;
}
